// !$*UTF8*$!
{
	archiveVersion = 1;
	classes = {
	};
	objectVersion = 56;
	objects = {

/* Begin PBXBuildFile section */
		01309DA478AC22159D054601 /* Moya.framework in Frameworks */ = {isa = PBXBuildFile; fileRef = E38D43CEE696BFEF020903BE /* Moya.framework */; };
		025400DBA1FBCED05EECA3ED /* PhotoModelMapper.swift in Sources */ = {isa = PBXBuildFile; fileRef = 4D23287CAC9A15F1CD81389D /* PhotoModelMapper.swift */; };
		113EC0295E5F35367F42DFB8 /* ProviderFactory.swift in Sources */ = {isa = PBXBuildFile; fileRef = BF420FD928A623DCD3CA5C99 /* ProviderFactory.swift */; };
		1989135D2D6A2C2BA17A6B60 /* PhotoAssetEntity.swift in Sources */ = {isa = PBXBuildFile; fileRef = 1818CB29A1914B6416E20D3E /* PhotoAssetEntity.swift */; };
		19EDE6D32FA3C80E000D6218 /* UserDefaultsService.swift in Sources */ = {isa = PBXBuildFile; fileRef = 19EDE6D22FA3C80E000D6218 /* UserDefaultsService.swift */; };
		19EDE6D52FA3C8AB000D6218 /* UserDefaultsKey.swift in Sources */ = {isa = PBXBuildFile; fileRef = 19EDE6D42FA3C8AB000D6218 /* UserDefaultsKey.swift */; };
		19EDE6D92FA3CB92000D6218 /* DefaultUserDefaultRepository.swift in Sources */ = {isa = PBXBuildFile; fileRef = 19EDE6D82FA3CB92000D6218 /* DefaultUserDefaultRepository.swift */; };
		1A9938F2B9F9AD2825A0FC20 /* DefaultPhotoLabelDataRepository.swift in Sources */ = {isa = PBXBuildFile; fileRef = 76713B0DD0063DA264DCB484 /* DefaultPhotoLabelDataRepository.swift */; };
		2169AA2311BA60ACAA3F77E2 /* FolderEntityMapper.swift in Sources */ = {isa = PBXBuildFile; fileRef = 13D68148ECEC00D5F0D873BA /* FolderEntityMapper.swift */; };
		22AD151C6F8F526A63C49DF8 /* GeocoderService.swift in Sources */ = {isa = PBXBuildFile; fileRef = 34FC610C922DCAAD54F6B871 /* GeocoderService.swift */; };
		29F17D8FCC15815FBBF23885 /* DefaultGeoRepository.swift in Sources */ = {isa = PBXBuildFile; fileRef = 50473B34690C858CBCC7B415 /* DefaultGeoRepository.swift */; };
		33779191300038A12B9D3191 /* DefaultPhotoCategoryRepository.swift in Sources */ = {isa = PBXBuildFile; fileRef = 8DCBF7BE06BF66575482FBC4 /* DefaultPhotoCategoryRepository.swift */; };
		43B044BA23904FB3BCE5C9BA /* DefaultPhotoAnalysisRepository.swift in Sources */ = {isa = PBXBuildFile; fileRef = C189B2600E5ECFA19EE3FD77 /* DefaultPhotoAnalysisRepository.swift */; };
		43FADE1F1CA4BF5AFFE68B08 /* PhotoEntityMapper.swift in Sources */ = {isa = PBXBuildFile; fileRef = E33F6688B6A751C4C72CD11E /* PhotoEntityMapper.swift */; };
		45FC4CF5DEB152A9EE9903F2 /* LocationParam.swift in Sources */ = {isa = PBXBuildFile; fileRef = 796BED270FC1A8E67F8083F2 /* LocationParam.swift */; };
		507C01346A8EAE9FB825F167 /* FolderEntity.swift in Sources */ = {isa = PBXBuildFile; fileRef = 6B77004FEBBF21E4FD924D50 /* FolderEntity.swift */; };
		54A2E62D0EC1FE15C4EC0D50 /* BaseDTO.swift in Sources */ = {isa = PBXBuildFile; fileRef = FA2C733233FE6C2AD8240B99 /* BaseDTO.swift */; };
		5EA569B0768E5AD816A9A987 /* CombineMoya.framework in Frameworks */ = {isa = PBXBuildFile; fileRef = 742288D39DB3A440246920F5 /* CombineMoya.framework */; };
		5EB8A1828974A3F453455321 /* PhotoLabelEntity.swift in Sources */ = {isa = PBXBuildFile; fileRef = 1E0A1E65D202F027E3B90C53 /* PhotoLabelEntity.swift */; };
		624A8672322CB6244B15B398 /* RepositoryFactory.swift in Sources */ = {isa = PBXBuildFile; fileRef = 7BC3964C1050C327995A40EE /* RepositoryFactory.swift */; };
		633482339839676C7B3E5261 /* GeoAddressService.swift in Sources */ = {isa = PBXBuildFile; fileRef = C8B077C6F08E7379B701117E /* GeoAddressService.swift */; };
		63D44D51A5150AE02FB8D98E /* ServiceFactory.swift in Sources */ = {isa = PBXBuildFile; fileRef = 90F6C7ACBF6ED2FAD561E78D /* ServiceFactory.swift */; };
		67B51411B975AD891A559CDE /* DefaultPhotoDataRepository.swift in Sources */ = {isa = PBXBuildFile; fileRef = 6276A561BC623AC921892190 /* DefaultPhotoDataRepository.swift */; };
		6E426C1732C4F413AC7A8218 /* NetworkExecutor.swift in Sources */ = {isa = PBXBuildFile; fileRef = 76459B21CDAA266908FB15AD /* NetworkExecutor.swift */; };
		6F110D428C48DDE7B9472154 /* PhotoCategories.json in Resources */ = {isa = PBXBuildFile; fileRef = 6D8A1A11088B68A6F132362E /* PhotoCategories.json */; };
		6F33010F296BA936918BD397 /* ReplaceWord.json in Resources */ = {isa = PBXBuildFile; fileRef = 7C6F4F8847EEDF2F518DCDFA /* ReplaceWord.json */; };
		7FB70958E7BF4019A5C80763 /* MoyaLoggingPlugin.swift in Sources */ = {isa = PBXBuildFile; fileRef = 7D08035744E740B19598B050 /* MoyaLoggingPlugin.swift */; };
		7FFB89F44AAC758DCA8A767E /* SwiftDataStack.swift in Sources */ = {isa = PBXBuildFile; fileRef = 15E0F3D1A2F015968E4FBB6A /* SwiftDataStack.swift */; };
		859CF157EAE3D69D8D32CAAE /* BaseAPI.swift in Sources */ = {isa = PBXBuildFile; fileRef = 4BC6624C7821755E8B610FA7 /* BaseAPI.swift */; };
		88C3254258A9147BB32522D0 /* BaseProvider.swift in Sources */ = {isa = PBXBuildFile; fileRef = D9E50197DB829A87EBA37CC8 /* BaseProvider.swift */; };
		8FEFDFB6A3E14CB6A276BC77 /* PhotoLabelEntityMapper.swift in Sources */ = {isa = PBXBuildFile; fileRef = 950F4B56299547FDB2A684CF /* PhotoLabelEntityMapper.swift */; };
		901ACA7B98089AB702ADA830 /* Domain.framework in Frameworks */ = {isa = PBXBuildFile; fileRef = 06FAA1459D11CCE724C34195 /* Domain.framework */; };
		9213BC1672F5ED20BE34BFAC /* DefaultPhotoLibararyRepository.swift in Sources */ = {isa = PBXBuildFile; fileRef = C6A8AB3F6B0730FFBB675B3D /* DefaultPhotoLibararyRepository.swift */; };
		96A50F032D49210391F99B80 /* PhotoCategoryService.swift in Sources */ = {isa = PBXBuildFile; fileRef = 1D6BD6C0BFFB08B0574D32AF /* PhotoCategoryService.swift */; };
		98C778E7CF34CCB1FC6331F5 /* AddressDTOMapper.swift in Sources */ = {isa = PBXBuildFile; fileRef = 77D143AFFAE68E9F71239BDF /* AddressDTOMapper.swift */; };
		A21C03FB170C3F03BC3DE2AB /* DefaultFolderDataRepository.swift in Sources */ = {isa = PBXBuildFile; fileRef = 2FEE537A6453D74F3910F7C2 /* DefaultFolderDataRepository.swift */; };
		AD69ED776BF945A29DC4CBC1 /* PhotoAnalysisService.swift in Sources */ = {isa = PBXBuildFile; fileRef = 96A17E0B5CA585E3F519C606 /* PhotoAnalysisService.swift */; };
		AD861DF5503B4403B94CBB97 /* GeoJsonAPI.swift in Sources */ = {isa = PBXBuildFile; fileRef = E59ACAB8AA8E582CA0A62794 /* GeoJsonAPI.swift */; };
		ADA6AE621778E96DDFC27980 /* AddressDTO.swift in Sources */ = {isa = PBXBuildFile; fileRef = 5BC6B88EC3E842B3E1E181DF /* AddressDTO.swift */; };
		B5A3754A0C97B4B4F6603D4F /* PermissionService.swift in Sources */ = {isa = PBXBuildFile; fileRef = 5070A6753C1BF6C98B7913FC /* PermissionService.swift */; };
		C5E3901016A28982EE6D8EC0 /* PhotoLibararyService.swift in Sources */ = {isa = PBXBuildFile; fileRef = 69864E8955090C5B3C4E7CF2 /* PhotoLibararyService.swift */; };
		C99A8E1D02DE967288404002 /* ServerType.swift in Sources */ = {isa = PBXBuildFile; fileRef = BA755235187FDC8A07A62C3C /* ServerType.swift */; };
		DF2506225BD04CA9D8D9C796 /* FolderKeywordEntity.swift in Sources */ = {isa = PBXBuildFile; fileRef = 02890B4FD0CE4187769829D8 /* FolderKeywordEntity.swift */; };
		EF1758E6E5692C8851826C7B /* TuistBundle+Data.swift in Sources */ = {isa = PBXBuildFile; fileRef = 638B01CCB60A9F6C7990C5E6 /* TuistBundle+Data.swift */; };
		F074A0B6E299B688A708BF0F /* PhotoEntity.swift in Sources */ = {isa = PBXBuildFile; fileRef = 5100ECC54324143D15048B08 /* PhotoEntity.swift */; };
/* End PBXBuildFile section */

/* Begin PBXCopyFilesBuildPhase section */
		B14F7C84FC4E43202BF6D53F /* Embed Frameworks */ = {
			isa = PBXCopyFilesBuildPhase;
			buildActionMask = 2147483647;
			dstPath = "";
			dstSubfolderSpec = 10;
			files = (
			);
			name = "Embed Frameworks";
			runOnlyForDeploymentPostprocessing = 0;
		};
/* End PBXCopyFilesBuildPhase section */

/* Begin PBXFileReference section */
		02890B4FD0CE4187769829D8 /* FolderKeywordEntity.swift */ = {isa = PBXFileReference; lastKnownFileType = sourcecode.swift; path = FolderKeywordEntity.swift; sourceTree = "<group>"; };
		033B57EACF093CA22F91EAB9 /* Data-Info.plist */ = {isa = PBXFileReference; lastKnownFileType = text.plist; path = "Data-Info.plist"; sourceTree = "<group>"; };
		06FAA1459D11CCE724C34195 /* Domain.framework */ = {isa = PBXFileReference; explicitFileType = wrapper.framework; includeInIndex = 0; path = Domain.framework; sourceTree = BUILT_PRODUCTS_DIR; };
		13D68148ECEC00D5F0D873BA /* FolderEntityMapper.swift */ = {isa = PBXFileReference; lastKnownFileType = sourcecode.swift; path = FolderEntityMapper.swift; sourceTree = "<group>"; };
		15E0F3D1A2F015968E4FBB6A /* SwiftDataStack.swift */ = {isa = PBXFileReference; lastKnownFileType = sourcecode.swift; path = SwiftDataStack.swift; sourceTree = "<group>"; };
		1818CB29A1914B6416E20D3E /* PhotoAssetEntity.swift */ = {isa = PBXFileReference; lastKnownFileType = sourcecode.swift; path = PhotoAssetEntity.swift; sourceTree = "<group>"; };
		19EDE6D22FA3C80E000D6218 /* UserDefaultsService.swift */ = {isa = PBXFileReference; lastKnownFileType = sourcecode.swift; path = UserDefaultsService.swift; sourceTree = "<group>"; };
		19EDE6D42FA3C8AB000D6218 /* UserDefaultsKey.swift */ = {isa = PBXFileReference; lastKnownFileType = sourcecode.swift; path = UserDefaultsKey.swift; sourceTree = "<group>"; };
		19EDE6D82FA3CB92000D6218 /* DefaultUserDefaultRepository.swift */ = {isa = PBXFileReference; lastKnownFileType = sourcecode.swift; path = DefaultUserDefaultRepository.swift; sourceTree = "<group>"; };
		1D6BD6C0BFFB08B0574D32AF /* PhotoCategoryService.swift */ = {isa = PBXFileReference; lastKnownFileType = sourcecode.swift; path = PhotoCategoryService.swift; sourceTree = "<group>"; };
		1E0A1E65D202F027E3B90C53 /* PhotoLabelEntity.swift */ = {isa = PBXFileReference; lastKnownFileType = sourcecode.swift; path = PhotoLabelEntity.swift; sourceTree = "<group>"; };
		2FEE537A6453D74F3910F7C2 /* DefaultFolderDataRepository.swift */ = {isa = PBXFileReference; lastKnownFileType = sourcecode.swift; path = DefaultFolderDataRepository.swift; sourceTree = "<group>"; };
		34FC610C922DCAAD54F6B871 /* GeocoderService.swift */ = {isa = PBXFileReference; lastKnownFileType = sourcecode.swift; path = GeocoderService.swift; sourceTree = "<group>"; };
		4BC6624C7821755E8B610FA7 /* BaseAPI.swift */ = {isa = PBXFileReference; lastKnownFileType = sourcecode.swift; path = BaseAPI.swift; sourceTree = "<group>"; };
		4D23287CAC9A15F1CD81389D /* PhotoModelMapper.swift */ = {isa = PBXFileReference; lastKnownFileType = sourcecode.swift; path = PhotoModelMapper.swift; sourceTree = "<group>"; };
		4E75197C294DE74F5162FAA7 /* Data.framework */ = {isa = PBXFileReference; explicitFileType = wrapper.framework; includeInIndex = 0; path = Data.framework; sourceTree = BUILT_PRODUCTS_DIR; };
		50473B34690C858CBCC7B415 /* DefaultGeoRepository.swift */ = {isa = PBXFileReference; lastKnownFileType = sourcecode.swift; path = DefaultGeoRepository.swift; sourceTree = "<group>"; };
		5070A6753C1BF6C98B7913FC /* PermissionService.swift */ = {isa = PBXFileReference; lastKnownFileType = sourcecode.swift; path = PermissionService.swift; sourceTree = "<group>"; };
		5100ECC54324143D15048B08 /* PhotoEntity.swift */ = {isa = PBXFileReference; lastKnownFileType = sourcecode.swift; path = PhotoEntity.swift; sourceTree = "<group>"; };
		5BC6B88EC3E842B3E1E181DF /* AddressDTO.swift */ = {isa = PBXFileReference; lastKnownFileType = sourcecode.swift; path = AddressDTO.swift; sourceTree = "<group>"; };
		6276A561BC623AC921892190 /* DefaultPhotoDataRepository.swift */ = {isa = PBXFileReference; lastKnownFileType = sourcecode.swift; path = DefaultPhotoDataRepository.swift; sourceTree = "<group>"; };
		638B01CCB60A9F6C7990C5E6 /* TuistBundle+Data.swift */ = {isa = PBXFileReference; lastKnownFileType = sourcecode.swift; path = "TuistBundle+Data.swift"; sourceTree = "<group>"; };
		69864E8955090C5B3C4E7CF2 /* PhotoLibararyService.swift */ = {isa = PBXFileReference; lastKnownFileType = sourcecode.swift; path = PhotoLibararyService.swift; sourceTree = "<group>"; };
		6B77004FEBBF21E4FD924D50 /* FolderEntity.swift */ = {isa = PBXFileReference; lastKnownFileType = sourcecode.swift; path = FolderEntity.swift; sourceTree = "<group>"; };
		6D8A1A11088B68A6F132362E /* PhotoCategories.json */ = {isa = PBXFileReference; lastKnownFileType = text.json; path = PhotoCategories.json; sourceTree = "<group>"; };
		742288D39DB3A440246920F5 /* CombineMoya.framework */ = {isa = PBXFileReference; explicitFileType = wrapper.framework; includeInIndex = 0; path = CombineMoya.framework; sourceTree = BUILT_PRODUCTS_DIR; };
		76459B21CDAA266908FB15AD /* NetworkExecutor.swift */ = {isa = PBXFileReference; lastKnownFileType = sourcecode.swift; path = NetworkExecutor.swift; sourceTree = "<group>"; };
		76713B0DD0063DA264DCB484 /* DefaultPhotoLabelDataRepository.swift */ = {isa = PBXFileReference; lastKnownFileType = sourcecode.swift; path = DefaultPhotoLabelDataRepository.swift; sourceTree = "<group>"; };
		77D143AFFAE68E9F71239BDF /* AddressDTOMapper.swift */ = {isa = PBXFileReference; lastKnownFileType = sourcecode.swift; path = AddressDTOMapper.swift; sourceTree = "<group>"; };
		796BED270FC1A8E67F8083F2 /* LocationParam.swift */ = {isa = PBXFileReference; lastKnownFileType = sourcecode.swift; path = LocationParam.swift; sourceTree = "<group>"; };
		7BC3964C1050C327995A40EE /* RepositoryFactory.swift */ = {isa = PBXFileReference; lastKnownFileType = sourcecode.swift; path = RepositoryFactory.swift; sourceTree = "<group>"; };
		7C6F4F8847EEDF2F518DCDFA /* ReplaceWord.json */ = {isa = PBXFileReference; lastKnownFileType = text.json; path = ReplaceWord.json; sourceTree = "<group>"; };
		7D08035744E740B19598B050 /* MoyaLoggingPlugin.swift */ = {isa = PBXFileReference; lastKnownFileType = sourcecode.swift; path = MoyaLoggingPlugin.swift; sourceTree = "<group>"; };
		8DCBF7BE06BF66575482FBC4 /* DefaultPhotoCategoryRepository.swift */ = {isa = PBXFileReference; lastKnownFileType = sourcecode.swift; path = DefaultPhotoCategoryRepository.swift; sourceTree = "<group>"; };
		90F6C7ACBF6ED2FAD561E78D /* ServiceFactory.swift */ = {isa = PBXFileReference; lastKnownFileType = sourcecode.swift; path = ServiceFactory.swift; sourceTree = "<group>"; };
		950F4B56299547FDB2A684CF /* PhotoLabelEntityMapper.swift */ = {isa = PBXFileReference; lastKnownFileType = sourcecode.swift; path = PhotoLabelEntityMapper.swift; sourceTree = "<group>"; };
		96A17E0B5CA585E3F519C606 /* PhotoAnalysisService.swift */ = {isa = PBXFileReference; lastKnownFileType = sourcecode.swift; path = PhotoAnalysisService.swift; sourceTree = "<group>"; };
		BA755235187FDC8A07A62C3C /* ServerType.swift */ = {isa = PBXFileReference; lastKnownFileType = sourcecode.swift; path = ServerType.swift; sourceTree = "<group>"; };
		BF420FD928A623DCD3CA5C99 /* ProviderFactory.swift */ = {isa = PBXFileReference; lastKnownFileType = sourcecode.swift; path = ProviderFactory.swift; sourceTree = "<group>"; };
		C189B2600E5ECFA19EE3FD77 /* DefaultPhotoAnalysisRepository.swift */ = {isa = PBXFileReference; lastKnownFileType = sourcecode.swift; path = DefaultPhotoAnalysisRepository.swift; sourceTree = "<group>"; };
		C6A8AB3F6B0730FFBB675B3D /* DefaultPhotoLibararyRepository.swift */ = {isa = PBXFileReference; lastKnownFileType = sourcecode.swift; path = DefaultPhotoLibararyRepository.swift; sourceTree = "<group>"; };
		C8B077C6F08E7379B701117E /* GeoAddressService.swift */ = {isa = PBXFileReference; lastKnownFileType = sourcecode.swift; path = GeoAddressService.swift; sourceTree = "<group>"; };
		D9E50197DB829A87EBA37CC8 /* BaseProvider.swift */ = {isa = PBXFileReference; lastKnownFileType = sourcecode.swift; path = BaseProvider.swift; sourceTree = "<group>"; };
		E33F6688B6A751C4C72CD11E /* PhotoEntityMapper.swift */ = {isa = PBXFileReference; lastKnownFileType = sourcecode.swift; path = PhotoEntityMapper.swift; sourceTree = "<group>"; };
		E38D43CEE696BFEF020903BE /* Moya.framework */ = {isa = PBXFileReference; explicitFileType = wrapper.framework; includeInIndex = 0; path = Moya.framework; sourceTree = BUILT_PRODUCTS_DIR; };
		E59ACAB8AA8E582CA0A62794 /* GeoJsonAPI.swift */ = {isa = PBXFileReference; lastKnownFileType = sourcecode.swift; path = GeoJsonAPI.swift; sourceTree = "<group>"; };
		FA2C733233FE6C2AD8240B99 /* BaseDTO.swift */ = {isa = PBXFileReference; lastKnownFileType = sourcecode.swift; path = BaseDTO.swift; sourceTree = "<group>"; };
/* End PBXFileReference section */

/* Begin PBXFrameworksBuildPhase section */
		818FC900AD146A9A336966D5 /* Frameworks */ = {
			isa = PBXFrameworksBuildPhase;
			buildActionMask = 2147483647;
			files = (
				5EA569B0768E5AD816A9A987 /* CombineMoya.framework in Frameworks */,
				901ACA7B98089AB702ADA830 /* Domain.framework in Frameworks */,
				01309DA478AC22159D054601 /* Moya.framework in Frameworks */,
			);
			runOnlyForDeploymentPostprocessing = 0;
		};
/* End PBXFrameworksBuildPhase section */

/* Begin PBXGroup section */
		20629251A4CAB947CD938921 /* Products */ = {
			isa = PBXGroup;
			children = (
				742288D39DB3A440246920F5 /* CombineMoya.framework */,
				4E75197C294DE74F5162FAA7 /* Data.framework */,
				06FAA1459D11CCE724C34195 /* Domain.framework */,
				E38D43CEE696BFEF020903BE /* Moya.framework */,
			);
			name = Products;
			sourceTree = "<group>";
		};
		22922DDCC365BA5FCFCB2515 /* Sources */ = {
			isa = PBXGroup;
			children = (
				638B01CCB60A9F6C7990C5E6 /* TuistBundle+Data.swift */,
			);
			path = Sources;
			sourceTree = "<group>";
		};
		4A97E3DA1312611007289D2E /* Resources */ = {
			isa = PBXGroup;
			children = (
				6D8A1A11088B68A6F132362E /* PhotoCategories.json */,
				7C6F4F8847EEDF2F518DCDFA /* ReplaceWord.json */,
			);
			path = Resources;
			sourceTree = "<group>";
		};
		647255CD65221C9CD4A43DED /* DTO */ = {
			isa = PBXGroup;
			children = (
				5BC6B88EC3E842B3E1E181DF /* AddressDTO.swift */,
				FA2C733233FE6C2AD8240B99 /* BaseDTO.swift */,
				796BED270FC1A8E67F8083F2 /* LocationParam.swift */,
				1818CB29A1914B6416E20D3E /* PhotoAssetEntity.swift */,
			);
			path = DTO;
			sourceTree = "<group>";
		};
		73F3ED55BFDC2EF15878F5B6 /* Repository */ = {
			isa = PBXGroup;
			children = (
				2FEE537A6453D74F3910F7C2 /* DefaultFolderDataRepository.swift */,
				50473B34690C858CBCC7B415 /* DefaultGeoRepository.swift */,
				C189B2600E5ECFA19EE3FD77 /* DefaultPhotoAnalysisRepository.swift */,
				8DCBF7BE06BF66575482FBC4 /* DefaultPhotoCategoryRepository.swift */,
				6276A561BC623AC921892190 /* DefaultPhotoDataRepository.swift */,
				76713B0DD0063DA264DCB484 /* DefaultPhotoLabelDataRepository.swift */,
				C6A8AB3F6B0730FFBB675B3D /* DefaultPhotoLibararyRepository.swift */,
				7BC3964C1050C327995A40EE /* RepositoryFactory.swift */,
				19EDE6D82FA3CB92000D6218 /* DefaultUserDefaultRepository.swift */,
			);
			path = Repository;
			sourceTree = "<group>";
		};
		89D788F8E3DF4D755C2EE674 /* SwiftData */ = {
			isa = PBXGroup;
			children = (
				6B77004FEBBF21E4FD924D50 /* FolderEntity.swift */,
				02890B4FD0CE4187769829D8 /* FolderKeywordEntity.swift */,
				5100ECC54324143D15048B08 /* PhotoEntity.swift */,
				1E0A1E65D202F027E3B90C53 /* PhotoLabelEntity.swift */,
				15E0F3D1A2F015968E4FBB6A /* SwiftDataStack.swift */,
			);
			path = SwiftData;
			sourceTree = "<group>";
		};
		8A6D38DA6706D1F4DD8A055B = {
			isa = PBXGroup;
			children = (
				EF3121301A12FEB266E0B923 /* Project */,
				20629251A4CAB947CD938921 /* Products */,
			);
			sourceTree = "<group>";
		};
		A0AA58D04D806D6F029CD199 /* Mapper */ = {
			isa = PBXGroup;
			children = (
				77D143AFFAE68E9F71239BDF /* AddressDTOMapper.swift */,
				13D68148ECEC00D5F0D873BA /* FolderEntityMapper.swift */,
				E33F6688B6A751C4C72CD11E /* PhotoEntityMapper.swift */,
				950F4B56299547FDB2A684CF /* PhotoLabelEntityMapper.swift */,
				4D23287CAC9A15F1CD81389D /* PhotoModelMapper.swift */,
			);
			path = Mapper;
			sourceTree = "<group>";
		};
		A46DA33BCE1E2288153B2AC3 /* Network */ = {
			isa = PBXGroup;
			children = (
				D9E50197DB829A87EBA37CC8 /* BaseProvider.swift */,
				7D08035744E740B19598B050 /* MoyaLoggingPlugin.swift */,
				76459B21CDAA266908FB15AD /* NetworkExecutor.swift */,
				BF420FD928A623DCD3CA5C99 /* ProviderFactory.swift */,
			);
			path = Network;
			sourceTree = "<group>";
		};
		AABE3A120DFAA5B30C74694C /* InfoPlists */ = {
			isa = PBXGroup;
			children = (
				033B57EACF093CA22F91EAB9 /* Data-Info.plist */,
			);
			path = InfoPlists;
			sourceTree = "<group>";
		};
		B119E31677D59F7802A67D11 /* Service */ = {
			isa = PBXGroup;
			children = (
				19EDE6D42FA3C8AB000D6218 /* UserDefaultsKey.swift */,
				19EDE6D22FA3C80E000D6218 /* UserDefaultsService.swift */,
				C8B077C6F08E7379B701117E /* GeoAddressService.swift */,
				34FC610C922DCAAD54F6B871 /* GeocoderService.swift */,
				5070A6753C1BF6C98B7913FC /* PermissionService.swift */,
				96A17E0B5CA585E3F519C606 /* PhotoAnalysisService.swift */,
				1D6BD6C0BFFB08B0574D32AF /* PhotoCategoryService.swift */,
				69864E8955090C5B3C4E7CF2 /* PhotoLibararyService.swift */,
				90F6C7ACBF6ED2FAD561E78D /* ServiceFactory.swift */,
			);
			path = Service;
			sourceTree = "<group>";
		};
		C25E2D135BFBAC1019949D62 /* Derived */ = {
			isa = PBXGroup;
			children = (
				AABE3A120DFAA5B30C74694C /* InfoPlists */,
				22922DDCC365BA5FCFCB2515 /* Sources */,
			);
			path = Derived;
			sourceTree = "<group>";
		};
		C590795A2658F92D49B27E8D /* Sources */ = {
			isa = PBXGroup;
			children = (
				E231B74EC066E02AB86DF723 /* API */,
				647255CD65221C9CD4A43DED /* DTO */,
				A0AA58D04D806D6F029CD199 /* Mapper */,
				A46DA33BCE1E2288153B2AC3 /* Network */,
				73F3ED55BFDC2EF15878F5B6 /* Repository */,
				B119E31677D59F7802A67D11 /* Service */,
				89D788F8E3DF4D755C2EE674 /* SwiftData */,
			);
			path = Sources;
			sourceTree = "<group>";
		};
		E231B74EC066E02AB86DF723 /* API */ = {
			isa = PBXGroup;
			children = (
				4BC6624C7821755E8B610FA7 /* BaseAPI.swift */,
				E59ACAB8AA8E582CA0A62794 /* GeoJsonAPI.swift */,
				BA755235187FDC8A07A62C3C /* ServerType.swift */,
			);
			path = API;
			sourceTree = "<group>";
		};
		EF3121301A12FEB266E0B923 /* Project */ = {
			isa = PBXGroup;
			children = (
				C25E2D135BFBAC1019949D62 /* Derived */,
				4A97E3DA1312611007289D2E /* Resources */,
				C590795A2658F92D49B27E8D /* Sources */,
			);
			name = Project;
			sourceTree = "<group>";
		};
/* End PBXGroup section */

/* Begin PBXNativeTarget section */
		372E276F143AFFAD2448C971 /* Data */ = {
			isa = PBXNativeTarget;
			buildConfigurationList = 36E6DF242C12BC0663933DC9 /* Build configuration list for PBXNativeTarget "Data" */;
			buildPhases = (
				3463CE952CBC37DCC5509817 /* Sources */,
				81018B321249CDD696EA4A5D /* Resources */,
				818FC900AD146A9A336966D5 /* Frameworks */,
				B14F7C84FC4E43202BF6D53F /* Embed Frameworks */,
			);
			buildRules = (
			);
			dependencies = (
			);
			name = Data;
			packageProductDependencies = (
			);
			productName = Data;
			productReference = 4E75197C294DE74F5162FAA7 /* Data.framework */;
			productType = "com.apple.product-type.framework";
		};
/* End PBXNativeTarget section */

/* Begin PBXProject section */
		848E6C78DE33F20387FB92DE /* Project object */ = {
			isa = PBXProject;
			attributes = {
				BuildIndependentTargetsInParallel = YES;
				ORGANIZATIONNAME = sanghyeon;
			};
			buildConfigurationList = BDB112DA78B2B42275EC3A62 /* Build configuration list for PBXProject "Data" */;
			compatibilityVersion = "Xcode 14.0";
			developmentRegion = en;
			hasScannedForEncodings = 0;
			knownRegions = (
				Base,
				en,
			);
			mainGroup = 8A6D38DA6706D1F4DD8A055B;
			productRefGroup = 20629251A4CAB947CD938921 /* Products */;
			projectDirPath = "";
			projectRoot = "";
			targets = (
				372E276F143AFFAD2448C971 /* Data */,
			);
		};
/* End PBXProject section */

/* Begin PBXResourcesBuildPhase section */
		81018B321249CDD696EA4A5D /* Resources */ = {
			isa = PBXResourcesBuildPhase;
			buildActionMask = 2147483647;
			files = (
				6F110D428C48DDE7B9472154 /* PhotoCategories.json in Resources */,
				6F33010F296BA936918BD397 /* ReplaceWord.json in Resources */,
			);
			runOnlyForDeploymentPostprocessing = 0;
		};
/* End PBXResourcesBuildPhase section */

/* Begin PBXSourcesBuildPhase section */
		3463CE952CBC37DCC5509817 /* Sources */ = {
			isa = PBXSourcesBuildPhase;
			buildActionMask = 2147483647;
			files = (
				EF1758E6E5692C8851826C7B /* TuistBundle+Data.swift in Sources */,
				859CF157EAE3D69D8D32CAAE /* BaseAPI.swift in Sources */,
				AD861DF5503B4403B94CBB97 /* GeoJsonAPI.swift in Sources */,
				C99A8E1D02DE967288404002 /* ServerType.swift in Sources */,
				ADA6AE621778E96DDFC27980 /* AddressDTO.swift in Sources */,
				54A2E62D0EC1FE15C4EC0D50 /* BaseDTO.swift in Sources */,
				45FC4CF5DEB152A9EE9903F2 /* LocationParam.swift in Sources */,
				1989135D2D6A2C2BA17A6B60 /* PhotoAssetEntity.swift in Sources */,
				98C778E7CF34CCB1FC6331F5 /* AddressDTOMapper.swift in Sources */,
				2169AA2311BA60ACAA3F77E2 /* FolderEntityMapper.swift in Sources */,
				43FADE1F1CA4BF5AFFE68B08 /* PhotoEntityMapper.swift in Sources */,
				8FEFDFB6A3E14CB6A276BC77 /* PhotoLabelEntityMapper.swift in Sources */,
				025400DBA1FBCED05EECA3ED /* PhotoModelMapper.swift in Sources */,
				88C3254258A9147BB32522D0 /* BaseProvider.swift in Sources */,
				19EDE6D92FA3CB92000D6218 /* DefaultUserDefaultRepository.swift in Sources */,
				7FB70958E7BF4019A5C80763 /* MoyaLoggingPlugin.swift in Sources */,
				19EDE6D52FA3C8AB000D6218 /* UserDefaultsKey.swift in Sources */,
				6E426C1732C4F413AC7A8218 /* NetworkExecutor.swift in Sources */,
				19EDE6D32FA3C80E000D6218 /* UserDefaultsService.swift in Sources */,
				113EC0295E5F35367F42DFB8 /* ProviderFactory.swift in Sources */,
				A21C03FB170C3F03BC3DE2AB /* DefaultFolderDataRepository.swift in Sources */,
				29F17D8FCC15815FBBF23885 /* DefaultGeoRepository.swift in Sources */,
				43B044BA23904FB3BCE5C9BA /* DefaultPhotoAnalysisRepository.swift in Sources */,
				33779191300038A12B9D3191 /* DefaultPhotoCategoryRepository.swift in Sources */,
				67B51411B975AD891A559CDE /* DefaultPhotoDataRepository.swift in Sources */,
				1A9938F2B9F9AD2825A0FC20 /* DefaultPhotoLabelDataRepository.swift in Sources */,
				9213BC1672F5ED20BE34BFAC /* DefaultPhotoLibararyRepository.swift in Sources */,
				624A8672322CB6244B15B398 /* RepositoryFactory.swift in Sources */,
				633482339839676C7B3E5261 /* GeoAddressService.swift in Sources */,
				22AD151C6F8F526A63C49DF8 /* GeocoderService.swift in Sources */,
				B5A3754A0C97B4B4F6603D4F /* PermissionService.swift in Sources */,
				AD69ED776BF945A29DC4CBC1 /* PhotoAnalysisService.swift in Sources */,
				96A50F032D49210391F99B80 /* PhotoCategoryService.swift in Sources */,
				C5E3901016A28982EE6D8EC0 /* PhotoLibararyService.swift in Sources */,
				63D44D51A5150AE02FB8D98E /* ServiceFactory.swift in Sources */,
				507C01346A8EAE9FB825F167 /* FolderEntity.swift in Sources */,
				DF2506225BD04CA9D8D9C796 /* FolderKeywordEntity.swift in Sources */,
				F074A0B6E299B688A708BF0F /* PhotoEntity.swift in Sources */,
				5EB8A1828974A3F453455321 /* PhotoLabelEntity.swift in Sources */,
				7FFB89F44AAC758DCA8A767E /* SwiftDataStack.swift in Sources */,
			);
			runOnlyForDeploymentPostprocessing = 0;
		};
/* End PBXSourcesBuildPhase section */

/* Begin XCBuildConfiguration section */
		10AD93EE7ABBABF722F5725E /* dev */ = {
			isa = XCBuildConfiguration;
			buildSettings = {
				CODE_SIGN_IDENTITY = "";
				CURRENT_PROJECT_VERSION = 1;
				DEFINES_MODULE = YES;
				DYLIB_COMPATIBILITY_VERSION = 1;
				DYLIB_CURRENT_VERSION = 1;
				DYLIB_INSTALL_NAME_BASE = "@rpath";
				INFOPLIST_FILE = "Derived/InfoPlists/Data-Info.plist";
				INSTALL_PATH = "$(LOCAL_LIBRARY_DIR)/Frameworks";
				IPHONEOS_DEPLOYMENT_TARGET = 17.0;
				LD_RUNPATH_SEARCH_PATHS = (
					"$(inherited)",
					"@executable_path/Frameworks",
					"@loader_path/Frameworks",
				);
				PRODUCT_BUNDLE_IDENTIFIER = com.sanghyeon.moa.Data;
				PRODUCT_NAME = Data;
				SDKROOT = iphoneos;
				SKIP_INSTALL = YES;
				SUPPORTS_MACCATALYST = NO;
				SUPPORTS_MAC_DESIGNED_FOR_IPHONE_IPAD = YES;
				SUPPORTS_XR_DESIGNED_FOR_IPHONE_IPAD = NO;
				SWIFT_ACTIVE_COMPILATION_CONDITIONS = "$(inherited) DEBUG";
				SWIFT_COMPILATION_MODE = singlefile;
				SWIFT_OPTIMIZATION_LEVEL = "-Onone";
				SWIFT_VERSION = 5.0;
				TARGETED_DEVICE_FAMILY = "1,2";
				VERSIONING_SYSTEM = "apple-generic";
				VERSION_INFO_PREFIX = "";
			};
			name = dev;
		};
		60F637039B0E4C688506E95C /* prod */ = {
			isa = XCBuildConfiguration;
			buildSettings = {
				ALWAYS_SEARCH_USER_PATHS = NO;
				CLANG_ANALYZER_LOCALIZABILITY_NONLOCALIZED = YES;
				CLANG_ANALYZER_NONNULL = YES;
				CLANG_ANALYZER_NUMBER_OBJECT_CONVERSION = YES_AGGRESSIVE;
				CLANG_CXX_LANGUAGE_STANDARD = "gnu++14";
				CLANG_CXX_LIBRARY = "libc++";
				CLANG_ENABLE_MODULES = YES;
				CLANG_ENABLE_OBJC_ARC = YES;
				CLANG_ENABLE_OBJC_WEAK = YES;
				CLANG_WARN_BLOCK_CAPTURE_AUTORELEASING = YES;
				CLANG_WARN_BOOL_CONVERSION = YES;
				CLANG_WARN_COMMA = YES;
				CLANG_WARN_CONSTANT_CONVERSION = YES;
				CLANG_WARN_DEPRECATED_OBJC_IMPLEMENTATIONS = YES;
				CLANG_WARN_DIRECT_OBJC_ISA_USAGE = YES_ERROR;
				CLANG_WARN_DOCUMENTATION_COMMENTS = YES;
				CLANG_WARN_EMPTY_BODY = YES;
				CLANG_WARN_ENUM_CONVERSION = YES;
				CLANG_WARN_INFINITE_RECURSION = YES;
				CLANG_WARN_INT_CONVERSION = YES;
				CLANG_WARN_NON_LITERAL_NULL_CONVERSION = YES;
				CLANG_WARN_OBJC_IMPLICIT_RETAIN_SELF = YES;
				CLANG_WARN_OBJC_LITERAL_CONVERSION = YES;
				CLANG_WARN_OBJC_ROOT_CLASS = YES_ERROR;
				CLANG_WARN_QUOTED_INCLUDE_IN_FRAMEWORK_HEADER = YES;
				CLANG_WARN_RANGE_LOOP_ANALYSIS = YES;
				CLANG_WARN_STRICT_PROTOTYPES = YES;
				CLANG_WARN_SUSPICIOUS_MOVE = YES;
				CLANG_WARN_UNGUARDED_AVAILABILITY = YES_AGGRESSIVE;
				CLANG_WARN_UNREACHABLE_CODE = YES;
				CLANG_WARN__DUPLICATE_METHOD_MATCH = YES;
				COPY_PHASE_STRIP = NO;
				DEAD_CODE_STRIPPING = YES;
				DEBUG_INFORMATION_FORMAT = "dwarf-with-dsym";
				ENABLE_NS_ASSERTIONS = NO;
				ENABLE_STRICT_OBJC_MSGSEND = YES;
				GCC_C_LANGUAGE_STANDARD = gnu11;
				GCC_NO_COMMON_BLOCKS = YES;
				GCC_WARN_64_TO_32_BIT_CONVERSION = YES;
				GCC_WARN_ABOUT_RETURN_TYPE = YES_ERROR;
				GCC_WARN_UNDECLARED_SELECTOR = YES;
				GCC_WARN_UNINITIALIZED_AUTOS = YES_AGGRESSIVE;
				GCC_WARN_UNUSED_FUNCTION = YES;
				GCC_WARN_UNUSED_VARIABLE = YES;
				MTL_ENABLE_DEBUG_INFO = NO;
				PRODUCT_NAME = "$(TARGET_NAME)";
				VALIDATE_PRODUCT = YES;
			};
			name = prod;
		};
		A7669502C24757AC52BB5B0F /* prod */ = {
			isa = XCBuildConfiguration;
			buildSettings = {
				CODE_SIGN_IDENTITY = "";
				CURRENT_PROJECT_VERSION = 1;
				DEFINES_MODULE = YES;
				DYLIB_COMPATIBILITY_VERSION = 1;
				DYLIB_CURRENT_VERSION = 1;
				DYLIB_INSTALL_NAME_BASE = "@rpath";
				INFOPLIST_FILE = "Derived/InfoPlists/Data-Info.plist";
				INSTALL_PATH = "$(LOCAL_LIBRARY_DIR)/Frameworks";
				IPHONEOS_DEPLOYMENT_TARGET = 17.0;
				LD_RUNPATH_SEARCH_PATHS = (
					"$(inherited)",
					"@executable_path/Frameworks",
					"@loader_path/Frameworks",
				);
				PRODUCT_BUNDLE_IDENTIFIER = com.sanghyeon.moa.Data;
				PRODUCT_NAME = Data;
				SDKROOT = iphoneos;
				SKIP_INSTALL = YES;
				SUPPORTS_MACCATALYST = NO;
				SUPPORTS_MAC_DESIGNED_FOR_IPHONE_IPAD = YES;
				SUPPORTS_XR_DESIGNED_FOR_IPHONE_IPAD = NO;
				SWIFT_COMPILATION_MODE = wholemodule;
				SWIFT_OPTIMIZATION_LEVEL = "-Owholemodule";
				SWIFT_VERSION = 5.0;
				TARGETED_DEVICE_FAMILY = "1,2";
				VERSIONING_SYSTEM = "apple-generic";
				VERSION_INFO_PREFIX = "";
			};
			name = prod;
		};
		EF242261028BB5112EA3A040 /* dev */ = {
			isa = XCBuildConfiguration;
			buildSettings = {
				ALWAYS_SEARCH_USER_PATHS = NO;
				CLANG_ANALYZER_LOCALIZABILITY_NONLOCALIZED = YES;
				CLANG_ANALYZER_NONNULL = YES;
				CLANG_ANALYZER_NUMBER_OBJECT_CONVERSION = YES_AGGRESSIVE;
				CLANG_CXX_LANGUAGE_STANDARD = "gnu++14";
				CLANG_CXX_LIBRARY = "libc++";
				CLANG_ENABLE_MODULES = YES;
				CLANG_ENABLE_OBJC_ARC = YES;
				CLANG_ENABLE_OBJC_WEAK = YES;
				CLANG_WARN_BLOCK_CAPTURE_AUTORELEASING = YES;
				CLANG_WARN_BOOL_CONVERSION = YES;
				CLANG_WARN_COMMA = YES;
				CLANG_WARN_CONSTANT_CONVERSION = YES;
				CLANG_WARN_DEPRECATED_OBJC_IMPLEMENTATIONS = YES;
				CLANG_WARN_DIRECT_OBJC_ISA_USAGE = YES_ERROR;
				CLANG_WARN_DOCUMENTATION_COMMENTS = YES;
				CLANG_WARN_EMPTY_BODY = YES;
				CLANG_WARN_ENUM_CONVERSION = YES;
				CLANG_WARN_INFINITE_RECURSION = YES;
				CLANG_WARN_INT_CONVERSION = YES;
				CLANG_WARN_NON_LITERAL_NULL_CONVERSION = YES;
				CLANG_WARN_OBJC_IMPLICIT_RETAIN_SELF = YES;
				CLANG_WARN_OBJC_LITERAL_CONVERSION = YES;
				CLANG_WARN_OBJC_ROOT_CLASS = YES_ERROR;
				CLANG_WARN_QUOTED_INCLUDE_IN_FRAMEWORK_HEADER = YES;
				CLANG_WARN_RANGE_LOOP_ANALYSIS = YES;
				CLANG_WARN_STRICT_PROTOTYPES = YES;
				CLANG_WARN_SUSPICIOUS_MOVE = YES;
				CLANG_WARN_UNGUARDED_AVAILABILITY = YES_AGGRESSIVE;
				CLANG_WARN_UNREACHABLE_CODE = YES;
				CLANG_WARN__DUPLICATE_METHOD_MATCH = YES;
				COPY_PHASE_STRIP = NO;
				DEAD_CODE_STRIPPING = YES;
				DEBUG_INFORMATION_FORMAT = dwarf;
				ENABLE_STRICT_OBJC_MSGSEND = YES;
				ENABLE_TESTABILITY = YES;
				GCC_C_LANGUAGE_STANDARD = gnu11;
				GCC_DYNAMIC_NO_PIC = NO;
				GCC_NO_COMMON_BLOCKS = YES;
				GCC_OPTIMIZATION_LEVEL = 0;
				GCC_PREPROCESSOR_DEFINITIONS = (
					"DEBUG=1",
					"$(inherited)",
				);
				GCC_WARN_64_TO_32_BIT_CONVERSION = YES;
				GCC_WARN_ABOUT_RETURN_TYPE = YES_ERROR;
				GCC_WARN_UNDECLARED_SELECTOR = YES;
				GCC_WARN_UNINITIALIZED_AUTOS = YES_AGGRESSIVE;
				GCC_WARN_UNUSED_FUNCTION = YES;
				GCC_WARN_UNUSED_VARIABLE = YES;
				MTL_ENABLE_DEBUG_INFO = YES;
				ONLY_ACTIVE_ARCH = YES;
				PRODUCT_NAME = "$(TARGET_NAME)";
			};
			name = dev;
		};
/* End XCBuildConfiguration section */

/* Begin XCConfigurationList section */
		36E6DF242C12BC0663933DC9 /* Build configuration list for PBXNativeTarget "Data" */ = {
			isa = XCConfigurationList;
			buildConfigurations = (
				10AD93EE7ABBABF722F5725E /* dev */,
				A7669502C24757AC52BB5B0F /* prod */,
			);
			defaultConfigurationIsVisible = 0;
			defaultConfigurationName = prod;
		};
		BDB112DA78B2B42275EC3A62 /* Build configuration list for PBXProject "Data" */ = {
			isa = XCConfigurationList;
			buildConfigurations = (
				EF242261028BB5112EA3A040 /* dev */,
				60F637039B0E4C688506E95C /* prod */,
			);
			defaultConfigurationIsVisible = 0;
			defaultConfigurationName = prod;
		};
/* End XCConfigurationList section */
	};
	rootObject = 848E6C78DE33F20387FB92DE /* Project object */;
}
