// !$*UTF8*$!
{
	archiveVersion = 1;
	classes = {
	};
	objectVersion = 70;
	objects = {

/* Begin PBXBuildFile section */
		01715CBADA677BCCFF831A1D /* Extension_UIViewController.swift in Sources */ = {isa = PBXBuildFile; fileRef = CCD53CB3AA237E06A9C76764 /* Extension_UIViewController.swift */; };
		0B1E106CE4651713AA754DD4 /* NaviBarView.swift in Sources */ = {isa = PBXBuildFile; fileRef = 7F252FA414F730A843B69ED7 /* NaviBarView.swift */; };
		10D3AACA8AFF3EC5491A1CD2 /* HomeViewModel.swift in Sources */ = {isa = PBXBuildFile; fileRef = 24F4C9EDD75B280BB4BE30A9 /* HomeViewModel.swift */; };
		1105E8EA1D4E774E78877F9B /* ListViewModel.swift in Sources */ = {isa = PBXBuildFile; fileRef = 1B74B54DBDDE8F00F62C6A60 /* ListViewModel.swift */; };
		11FFD5B3C0735874B09006EB /* ListCoordinator.swift in Sources */ = {isa = PBXBuildFile; fileRef = CC48366424EBCDCD6592A9E3 /* ListCoordinator.swift */; };
		13F779FE4F17BDBA660A1B35 /* UIView+Publisher.swift in Sources */ = {isa = PBXBuildFile; fileRef = C3645708A5BAD77D391863C3 /* UIView+Publisher.swift */; };
		14143B565EE1025E86B4A457 /* LabelsDIContainer.swift in Sources */ = {isa = PBXBuildFile; fileRef = 5D7B5780986C5EECD1B78992 /* LabelsDIContainer.swift */; };
		17750AE257E622DD8E82133C /* Extension_UITextView.swift in Sources */ = {isa = PBXBuildFile; fileRef = F9C2998FAD7DD5077BD097DB /* Extension_UITextView.swift */; };
		19EDE6B92F9F171F000D6218 /* AlbumEmtpyView.swift in Sources */ = {isa = PBXBuildFile; fileRef = 19EDE6B82F9F171F000D6218 /* AlbumEmtpyView.swift */; };
		19EDE6C72FA24924000D6218 /* TabbarViewModel.swift in Sources */ = {isa = PBXBuildFile; fileRef = 19EDE6C62FA24924000D6218 /* TabbarViewModel.swift */; };
		19EDE6C92FA31DF2000D6218 /* MyHeaderView.swift in Sources */ = {isa = PBXBuildFile; fileRef = 19EDE6C82FA31DF2000D6218 /* MyHeaderView.swift */; };
		19EDE6CB2FA32243000D6218 /* MyPageCell.swift in Sources */ = {isa = PBXBuildFile; fileRef = 19EDE6CA2FA32243000D6218 /* MyPageCell.swift */; };
		19EDE6CD2FA32B73000D6218 /* BoxView.swift in Sources */ = {isa = PBXBuildFile; fileRef = 19EDE6CC2FA32B73000D6218 /* BoxView.swift */; };
		19EDE6CF2FA32FD6000D6218 /* MyPageSwitchCell.swift in Sources */ = {isa = PBXBuildFile; fileRef = 19EDE6CE2FA32FD6000D6218 /* MyPageSwitchCell.swift */; };
		1EB3782697E5D5765188E1DE /* Extension_UISegmentedControl.swift in Sources */ = {isa = PBXBuildFile; fileRef = 4AC6050EB2A12AA43E785BA5 /* Extension_UISegmentedControl.swift */; };
		200C032581C4A24727FC0CE6 /* AlbumViewController.swift in Sources */ = {isa = PBXBuildFile; fileRef = 03112E88258FD411CDDBA6D3 /* AlbumViewController.swift */; };
		22E9BE6A63E4C891FFBF6C76 /* UIGestureRecognizer+Publisher.swift in Sources */ = {isa = PBXBuildFile; fileRef = 2C1A7F457AF7CAC51AE3C6AB /* UIGestureRecognizer+Publisher.swift */; };
		292D2553A716A2C6634E1652 /* Extension_Sequence.swift in Sources */ = {isa = PBXBuildFile; fileRef = E40A6C338B0BC01EC436E06E /* Extension_Sequence.swift */; };
		2D7787A92580939395AFAA41 /* MyPageCoordinator.swift in Sources */ = {isa = PBXBuildFile; fileRef = D950EBD5C5E8E6FB899C6E8A /* MyPageCoordinator.swift */; };
		31107377C94EE22A1E5FD67F /* SplashViewModel.swift in Sources */ = {isa = PBXBuildFile; fileRef = 8D7BED52C187B9DC312AD0E8 /* SplashViewModel.swift */; };
		352FCB5AD215C9EA0B1A709D /* AlbumViewModel.swift in Sources */ = {isa = PBXBuildFile; fileRef = 75D92F5115DB359614C13635 /* AlbumViewModel.swift */; };
		35E1243BD1AD7050277914E5 /* GradientCardView.swift in Sources */ = {isa = PBXBuildFile; fileRef = BE5B2F18952DFF003D8E2421 /* GradientCardView.swift */; };
		362507AF85919AF2A4B72C69 /* CustomTabBarViewController.swift in Sources */ = {isa = PBXBuildFile; fileRef = AA8471CE58E3472110984FC4 /* CustomTabBarViewController.swift */; };
		36520B8A29E9F5ECFFF88753 /* AlertViewController.swift in Sources */ = {isa = PBXBuildFile; fileRef = E6E47C332389E708A696E253 /* AlertViewController.swift */; };
		36AA397C26610437D42082A8 /* BaseViewController.swift in Sources */ = {isa = PBXBuildFile; fileRef = 48B5FBDDBDD95CCE3EE8EA9B /* BaseViewController.swift */; };
		3715B8B51A191869851EC95E /* TabbarCoordinator.swift in Sources */ = {isa = PBXBuildFile; fileRef = 3D8C733F1D7589153F1FFE1F /* TabbarCoordinator.swift */; };
		375EAC7FDF30102BB01AFF26 /* Extension_String.swift in Sources */ = {isa = PBXBuildFile; fileRef = D8300BFD9F89CA11913EBBE1 /* Extension_String.swift */; };
		3ADFEEF985D7BC1626FD5643 /* MyPageDIContainer.swift in Sources */ = {isa = PBXBuildFile; fileRef = 55DFCE6EDBF9C396DD6D6E33 /* MyPageDIContainer.swift */; };
		3E3D5D9907A1807BE0D3456F /* LabelsCoordinator.swift in Sources */ = {isa = PBXBuildFile; fileRef = 50E5EE58E9BA58E8710D8D45 /* LabelsCoordinator.swift */; };
		3FD4388F6DDF7F78C9C42159 /* PhotoGridViewController.swift in Sources */ = {isa = PBXBuildFile; fileRef = 64A57C4E3C0EB98D13F5C88E /* PhotoGridViewController.swift */; };
		415FC59E52A77D8CF12C8565 /* BaseEventRouter.swift in Sources */ = {isa = PBXBuildFile; fileRef = C06D9DFB2413E81BE06AAC41 /* BaseEventRouter.swift */; };
		41D0A49F97489D468191FE54 /* HomeViewController.swift in Sources */ = {isa = PBXBuildFile; fileRef = 98AAFFF31B76C431F1139731 /* HomeViewController.swift */; };
		4389F098097A9E30C07AEC7E /* AlertViewModel.swift in Sources */ = {isa = PBXBuildFile; fileRef = 0E9B7F8500571EFB5D78EF9C /* AlertViewModel.swift */; };
		47532F25612067B672BDF8F2 /* AlbumDetailDIContainer.swift in Sources */ = {isa = PBXBuildFile; fileRef = D8BAD0070B04CDF1EAB02CFB /* AlbumDetailDIContainer.swift */; };
		495DB8F6655FCA0D6274214F /* AlertButtonConfig.swift in Sources */ = {isa = PBXBuildFile; fileRef = 58C970CD41B6B5F29F411FAB /* AlertButtonConfig.swift */; };
		4A52E7E23700C35233DF323F /* FolderCell.swift in Sources */ = {isa = PBXBuildFile; fileRef = E69CC04667D8CB8EA7C9A905 /* FolderCell.swift */; };
		4CBB27F7B63BE0497C778288 /* SplashCoordinator.swift in Sources */ = {isa = PBXBuildFile; fileRef = C1DFADB91C9C20B195DC6FDC /* SplashCoordinator.swift */; };
		4F95FE8B7007302DEEECFC6E /* PhotoLibraryCoordinator.swift in Sources */ = {isa = PBXBuildFile; fileRef = 39ED3BC2474DC0F432EAFB85 /* PhotoLibraryCoordinator.swift */; };
		503294F3FE598FB11A6F11EC /* CustomTabBarItem.swift in Sources */ = {isa = PBXBuildFile; fileRef = ABC1E533AB4C8AAA8B48F1F3 /* CustomTabBarItem.swift */; };
		51A80C8D542492F4A2AAC3F0 /* NaviBarButton.swift in Sources */ = {isa = PBXBuildFile; fileRef = A10F1A991453FF9438018AFD /* NaviBarButton.swift */; };
		550A378C83436838E543D472 /* SnapKit.framework in Frameworks */ = {isa = PBXBuildFile; fileRef = CEB9EB9C6C13C8F825E27E73 /* SnapKit.framework */; };
		56AC79A47BE146CAF1BFF861 /* MainDIContainer.swift in Sources */ = {isa = PBXBuildFile; fileRef = 9E90CD40C5DEBE648B0955EE /* MainDIContainer.swift */; };
		56EB5C5AA484162372E08EA4 /* NibLoadable.swift in Sources */ = {isa = PBXBuildFile; fileRef = 0D27F91A14AEB240D0A2E7D8 /* NibLoadable.swift */; };
		574217AD0B904C4FA8B93561 /* PhotoLabelCell.swift in Sources */ = {isa = PBXBuildFile; fileRef = 0EC98997474D5ABEA1E71B7D /* PhotoLabelCell.swift */; };
		5ADEAF4EFEF2800B08E732F9 /* AlbumDetailCoordinator.swift in Sources */ = {isa = PBXBuildFile; fileRef = C8F9AC182358D4FE2D5C299B /* AlbumDetailCoordinator.swift */; };
		5D0E4EBBEE052080CE54F022 /* Extension_UIColor.swift in Sources */ = {isa = PBXBuildFile; fileRef = 719A054EFAF30746BAE3782E /* Extension_UIColor.swift */; };
		60B1A9C19CF5718CE911F110 /* PhotoLibraryViewModel.swift in Sources */ = {isa = PBXBuildFile; fileRef = 80FC95C27373D8DD1543F125 /* PhotoLibraryViewModel.swift */; };
		68F7B92E595CE29E2B5D931A /* AlbumDetailViewModel.swift in Sources */ = {isa = PBXBuildFile; fileRef = A5B5DDF86843F2E3695365DF /* AlbumDetailViewModel.swift */; };
		6B21C00E402B89F04AC73A81 /* Extension_UIImage.swift in Sources */ = {isa = PBXBuildFile; fileRef = 6D42EEB1F9EB444EE42BCE28 /* Extension_UIImage.swift */; };
		6DFE320F438EC6EADEAB239B /* NaviBarType.swift in Sources */ = {isa = PBXBuildFile; fileRef = 3C18C417DC62917A6F8651BD /* NaviBarType.swift */; };
		7289EFA4AFBD4C70FB862366 /* MyCell.swift in Sources */ = {isa = PBXBuildFile; fileRef = B17589FEE05ACDB5C24C1C19 /* MyCell.swift */; };
		729B91FE44EF04E9EE610439 /* PhotoTestViewController.swift in Sources */ = {isa = PBXBuildFile; fileRef = 89F76F166FDFEB0A004CE633 /* PhotoTestViewController.swift */; };
		73730347C9EB69CE4A8E585D /* test.xib in Resources */ = {isa = PBXBuildFile; fileRef = F6D99F67B6F8A867B9D6EAFA /* test.xib */; };
		7B895DB10E84114CF303C8C5 /* LoadingView.swift in Sources */ = {isa = PBXBuildFile; fileRef = 41AE4EF10D324D138285AD48 /* LoadingView.swift */; };
		7B8F2384F42C2803F7E26622 /* Extension_UITextField.swift in Sources */ = {isa = PBXBuildFile; fileRef = EDC7E8CD06B312A92C2C3101 /* Extension_UITextField.swift */; };
		7B99E8D8E3ABCF926B500889 /* MainViewController.swift in Sources */ = {isa = PBXBuildFile; fileRef = 25A9A8D16D9714C46AE871A3 /* MainViewController.swift */; };
		7DBCAEB0D6433387E8F774BB /* PhotoCell.swift in Sources */ = {isa = PBXBuildFile; fileRef = B86EE313B24249685CA4C2F7 /* PhotoCell.swift */; };
		7F0DB89FCC63AE28726DD967 /* HomeCoordinator.swift in Sources */ = {isa = PBXBuildFile; fileRef = 0CE527805A0FFC681F30F295 /* HomeCoordinator.swift */; };
		802B12E33E2A659E054052E4 /* ImageLoadable.swift in Sources */ = {isa = PBXBuildFile; fileRef = 6AE569B13800FF9871F9B568 /* ImageLoadable.swift */; };
		816DA425CF89A37BB407B2E7 /* MainCoordinator.swift in Sources */ = {isa = PBXBuildFile; fileRef = 34AD422405AEA0A6A12AAD28 /* MainCoordinator.swift */; };
		8724723A2379F5A075E0F080 /* TuistAssets+Presentation.swift in Sources */ = {isa = PBXBuildFile; fileRef = 4B0961E8873C1BFDA61108A2 /* TuistAssets+Presentation.swift */; };
		875C5815D9B3DFD90807CE11 /* UIControl+Publisher.swift in Sources */ = {isa = PBXBuildFile; fileRef = 00134F7BB613E1BD0B7516E7 /* UIControl+Publisher.swift */; };
		88C25DA67A7DB6DCE4E5D779 /* Extension_UIFont.swift in Sources */ = {isa = PBXBuildFile; fileRef = 3AE7BDBB893973544517AFFF /* Extension_UIFont.swift */; };
		8F411F69699B691647FC02A2 /* AlbumDetailViewController.swift in Sources */ = {isa = PBXBuildFile; fileRef = FDE0D246DE24CB8D997BAF99 /* AlbumDetailViewController.swift */; };
		9348CE2627DFB62740A7ADC4 /* Extension_UILabel.swift in Sources */ = {isa = PBXBuildFile; fileRef = 41CA43C4455F51F86D88B772 /* Extension_UILabel.swift */; };
		9A38F45616541E23B2BD7536 /* Domain.framework in Frameworks */ = {isa = PBXBuildFile; fileRef = 82F0720D9B464CF8F3E51AD1 /* Domain.framework */; };
		9BA6886DF436EE97741877FA /* LeftAlignedFlowLayout.swift in Sources */ = {isa = PBXBuildFile; fileRef = 2D6906C48650682D5C704866 /* LeftAlignedFlowLayout.swift */; };
		A06CBAC272797FFF34A85347 /* PhotoCellItemViewModel.swift in Sources */ = {isa = PBXBuildFile; fileRef = BE93C7FE0E23AFE023F533E7 /* PhotoCellItemViewModel.swift */; };
		A12F369E54969D1DEB2A85DA /* PhotoSectionHeaderView.swift in Sources */ = {isa = PBXBuildFile; fileRef = B75F176FC43277493F0EED6E /* PhotoSectionHeaderView.swift */; };
		A5AF8E35A7D71873FD5C39E4 /* ListDIContainer.swift in Sources */ = {isa = PBXBuildFile; fileRef = F26268DDAD4270C700F9F869 /* ListDIContainer.swift */; };
		A66EA7FFA90ADCC87447CF53 /* PhotoTestViewModel.swift in Sources */ = {isa = PBXBuildFile; fileRef = 0B9667B9CB038CFF99E822A7 /* PhotoTestViewModel.swift */; };
		A73870C6574D89FA8BFF62C6 /* AlertManageable.swift in Sources */ = {isa = PBXBuildFile; fileRef = 61F2F6619F3F3C694B29487D /* AlertManageable.swift */; };
		AACDF3F26A678AE2F2E07660 /* AlbumCoordinator.swift in Sources */ = {isa = PBXBuildFile; fileRef = 7E9D3650BE472E704D57EC89 /* AlbumCoordinator.swift */; };
		ABF65EFD3C72BE46280F5CA2 /* AlertItem.swift in Sources */ = {isa = PBXBuildFile; fileRef = 125FEEE52CEDA2092E747AB0 /* AlertItem.swift */; };
		AD90B623AC1F4BE0A892F9C4 /* BaseCoordinator.swift in Sources */ = {isa = PBXBuildFile; fileRef = E474256CB4A9464026CD7F10 /* BaseCoordinator.swift */; };
		AE6AF37C1DE9A545D89A9E99 /* PhotoHeader.swift in Sources */ = {isa = PBXBuildFile; fileRef = DA704CC81D0F97A19AA5B775 /* PhotoHeader.swift */; };
		B276CB6A00BF6FAE04BBB2B8 /* FolderStateView.swift in Sources */ = {isa = PBXBuildFile; fileRef = AA95B926A06ADF18DAFF4911 /* FolderStateView.swift */; };
		B39A2D52E240C875E277CACA /* MyPageViewController.swift in Sources */ = {isa = PBXBuildFile; fileRef = 976797041FBCEDED9606E242 /* MyPageViewController.swift */; };
		B4915AA2A18C462535704AFB /* LabelsViewModel.swift in Sources */ = {isa = PBXBuildFile; fileRef = AE52F8DB3B238CB39E197897 /* LabelsViewModel.swift */; };
		BA9253A3F2CE033BEF480731 /* HomeDIContainer.swift in Sources */ = {isa = PBXBuildFile; fileRef = 6E2CABAF8819D021ACBB6B23 /* HomeDIContainer.swift */; };
		BDFCDBB439612F8BF6AF15D8 /* MyPageViewModel.swift in Sources */ = {isa = PBXBuildFile; fileRef = 2CAA8E278CF92B6C39831515 /* MyPageViewModel.swift */; };
		BE1C96F586291D0D02157D57 /* TuistBundle+Presentation.swift in Sources */ = {isa = PBXBuildFile; fileRef = BDAD9FCDF00A8502F0CDC9F1 /* TuistBundle+Presentation.swift */; };
		BFA74F069964E0281D75BC31 /* PhotoLibraryDIContainer.swift in Sources */ = {isa = PBXBuildFile; fileRef = 1E177AD797E6C5E5BD5A62BA /* PhotoLibraryDIContainer.swift */; };
		C299895D2B0BDB02B887AF4E /* ListViewController.swift in Sources */ = {isa = PBXBuildFile; fileRef = B94E4C85FB09EA817C77A0BA /* ListViewController.swift */; };
		C4BE009C6D3DBA05FF0FC75E /* AlertManager.swift in Sources */ = {isa = PBXBuildFile; fileRef = B4BBD0AE24CC83598B1C3148 /* AlertManager.swift */; };
		C6F27A7B8702DC17F20DB44E /* NaviButtonSetting.swift in Sources */ = {isa = PBXBuildFile; fileRef = A2AF349BA1F7EA2BC0BBF4A5 /* NaviButtonSetting.swift */; };
		CF81691B1D464F6197555282 /* PhotoLibraryViewController.swift in Sources */ = {isa = PBXBuildFile; fileRef = 60D8D272D5A1AFB3C3C374D5 /* PhotoLibraryViewController.swift */; };
		D075825C73560FD93C983C9D /* TabbarDIContainer.swift in Sources */ = {isa = PBXBuildFile; fileRef = 67BC566822730766F3AE64D4 /* TabbarDIContainer.swift */; };
		D16F155FE2E16F2C9B1B6748 /* BaseViewModel.swift in Sources */ = {isa = PBXBuildFile; fileRef = F4970CC3CF7281FDEDF5A2E4 /* BaseViewModel.swift */; };
		D42E0F0F75FAEAF72E9D94EF /* SplashViewController.swift in Sources */ = {isa = PBXBuildFile; fileRef = 3A1A9C282BE62BA859D280F2 /* SplashViewController.swift */; };
		D99957B25A13351D2C1CDBC3 /* Assets.xcassets in Resources */ = {isa = PBXBuildFile; fileRef = 92D379FC79776FBC7A77423B /* Assets.xcassets */; };
		DEE1DB91C73ABE77DF724469 /* Extension_UIStackView.swift in Sources */ = {isa = PBXBuildFile; fileRef = 28674A9D914882E666DFF00E /* Extension_UIStackView.swift */; };
		DF40F78A11997062375AF294 /* AppDIContainer.swift in Sources */ = {isa = PBXBuildFile; fileRef = 6572185E13AF9F40CC6A8359 /* AppDIContainer.swift */; };
		E027BCF08A64E020D8F7E9E0 /* TabbarViewController.swift in Sources */ = {isa = PBXBuildFile; fileRef = 3D75BDA072F9E06E34DEB813 /* TabbarViewController.swift */; };
		E3B75AC5FBB135E045DAD226 /* LabelsViewController.swift in Sources */ = {isa = PBXBuildFile; fileRef = D3D8386C4524E82DE539EA53 /* LabelsViewController.swift */; };
		E4ED77EBA3BFFDD5032E268D /* Extension_UIButton.swift in Sources */ = {isa = PBXBuildFile; fileRef = 8283ED43F36B19F071F13E23 /* Extension_UIButton.swift */; };
		EBD0790F3D06646595CD4E7A /* MyPageCellType.swift in Sources */ = {isa = PBXBuildFile; fileRef = 1B18F8EDBD5425ACC9D7811D /* MyPageCellType.swift */; };
		EC4CE7A2274D2911301A7C1A /* CustomTabBarDelegate.swift in Sources */ = {isa = PBXBuildFile; fileRef = C4A8AC47B813708FB8EBFCDE /* CustomTabBarDelegate.swift */; };
		ED7371441DF91ABCFC9CF214 /* AlbumDIContainer.swift in Sources */ = {isa = PBXBuildFile; fileRef = 8F123E57E42305BA2907FE13 /* AlbumDIContainer.swift */; };
		F097582F03D0AF2310271FC3 /* MainViewModel.swift in Sources */ = {isa = PBXBuildFile; fileRef = 8B151F381F6CDC55F11B9D90 /* MainViewModel.swift */; };
		F2DB447ECE3D685355A8300E /* Extension_MutableCollection.swift in Sources */ = {isa = PBXBuildFile; fileRef = A88E58C42C31FEF9CF370989 /* Extension_MutableCollection.swift */; };
		F31B82D5364624DC95B09D22 /* Extension_UIView.swift in Sources */ = {isa = PBXBuildFile; fileRef = 998E8B3484D5E811058E6E85 /* Extension_UIView.swift */; };
		F5004F53B83FF7D04233484B /* Extension_NSMutableAttributedString.swift in Sources */ = {isa = PBXBuildFile; fileRef = 9CFD949F167607A72D1EA3AA /* Extension_NSMutableAttributedString.swift */; };
		F60245781530ADB43E461B55 /* FolderCellItemViewModel.swift in Sources */ = {isa = PBXBuildFile; fileRef = DB980785EF62986D70A11C49 /* FolderCellItemViewModel.swift */; };
		FC9A0BD427D721DDCC1B2AEB /* Regex.swift in Sources */ = {isa = PBXBuildFile; fileRef = 5D028AB2DA0BB0AC69E334BB /* Regex.swift */; };
		FD72876B346CBB1594A8774A /* PhotoTestCoordinator.swift in Sources */ = {isa = PBXBuildFile; fileRef = 73D037E2C431D0650FE179B1 /* PhotoTestCoordinator.swift */; };
		FFDB23C771BFE626931A589E /* PhotoTestDIContainer.swift in Sources */ = {isa = PBXBuildFile; fileRef = F687BDB1C5A5D939130A0D13 /* PhotoTestDIContainer.swift */; };
/* End PBXBuildFile section */

/* Begin PBXCopyFilesBuildPhase section */
		6A01109A927826C6721A499C /* Embed Frameworks */ = {
			isa = PBXCopyFilesBuildPhase;
			buildActionMask = 2147483647;
			dstPath = "";
			dstSubfolderSpec = 10;
			files = (
			);
			name = "Embed Frameworks";
			runOnlyForDeploymentPostprocessing = 0;
		};
/* End PBXCopyFilesBuildPhase section */

/* Begin PBXFileReference section */
		00134F7BB613E1BD0B7516E7 /* UIControl+Publisher.swift */ = {isa = PBXFileReference; lastKnownFileType = sourcecode.swift; path = "UIControl+Publisher.swift"; sourceTree = "<group>"; };
		03112E88258FD411CDDBA6D3 /* AlbumViewController.swift */ = {isa = PBXFileReference; lastKnownFileType = sourcecode.swift; path = AlbumViewController.swift; sourceTree = "<group>"; };
		0B9667B9CB038CFF99E822A7 /* PhotoTestViewModel.swift */ = {isa = PBXFileReference; lastKnownFileType = sourcecode.swift; path = PhotoTestViewModel.swift; sourceTree = "<group>"; };
		0CE527805A0FFC681F30F295 /* HomeCoordinator.swift */ = {isa = PBXFileReference; lastKnownFileType = sourcecode.swift; path = HomeCoordinator.swift; sourceTree = "<group>"; };
		0D27F91A14AEB240D0A2E7D8 /* NibLoadable.swift */ = {isa = PBXFileReference; lastKnownFileType = sourcecode.swift; path = NibLoadable.swift; sourceTree = "<group>"; };
		0E9B7F8500571EFB5D78EF9C /* AlertViewModel.swift */ = {isa = PBXFileReference; lastKnownFileType = sourcecode.swift; path = AlertViewModel.swift; sourceTree = "<group>"; };
		0EC98997474D5ABEA1E71B7D /* PhotoLabelCell.swift */ = {isa = PBXFileReference; lastKnownFileType = sourcecode.swift; path = PhotoLabelCell.swift; sourceTree = "<group>"; };
		125FEEE52CEDA2092E747AB0 /* AlertItem.swift */ = {isa = PBXFileReference; lastKnownFileType = sourcecode.swift; path = AlertItem.swift; sourceTree = "<group>"; };
		134AEE009D928C7E39EAF4CD /* Presentation-Info.plist */ = {isa = PBXFileReference; lastKnownFileType = text.plist; path = "Presentation-Info.plist"; sourceTree = "<group>"; };
		19EDE6B82F9F171F000D6218 /* AlbumEmtpyView.swift */ = {isa = PBXFileReference; lastKnownFileType = sourcecode.swift; path = AlbumEmtpyView.swift; sourceTree = "<group>"; };
		19EDE6C62FA24924000D6218 /* TabbarViewModel.swift */ = {isa = PBXFileReference; lastKnownFileType = sourcecode.swift; path = TabbarViewModel.swift; sourceTree = "<group>"; };
		19EDE6C82FA31DF2000D6218 /* MyHeaderView.swift */ = {isa = PBXFileReference; lastKnownFileType = sourcecode.swift; path = MyHeaderView.swift; sourceTree = "<group>"; };
		19EDE6CA2FA32243000D6218 /* MyPageCell.swift */ = {isa = PBXFileReference; lastKnownFileType = sourcecode.swift; path = MyPageCell.swift; sourceTree = "<group>"; };
		19EDE6CC2FA32B73000D6218 /* BoxView.swift */ = {isa = PBXFileReference; lastKnownFileType = sourcecode.swift; path = BoxView.swift; sourceTree = "<group>"; };
		19EDE6CE2FA32FD6000D6218 /* MyPageSwitchCell.swift */ = {isa = PBXFileReference; lastKnownFileType = sourcecode.swift; path = MyPageSwitchCell.swift; sourceTree = "<group>"; };
		1B18F8EDBD5425ACC9D7811D /* MyPageCellType.swift */ = {isa = PBXFileReference; lastKnownFileType = sourcecode.swift; path = MyPageCellType.swift; sourceTree = "<group>"; };
		1B74B54DBDDE8F00F62C6A60 /* ListViewModel.swift */ = {isa = PBXFileReference; lastKnownFileType = sourcecode.swift; path = ListViewModel.swift; sourceTree = "<group>"; };
		1E177AD797E6C5E5BD5A62BA /* PhotoLibraryDIContainer.swift */ = {isa = PBXFileReference; lastKnownFileType = sourcecode.swift; path = PhotoLibraryDIContainer.swift; sourceTree = "<group>"; };
		24F4C9EDD75B280BB4BE30A9 /* HomeViewModel.swift */ = {isa = PBXFileReference; lastKnownFileType = sourcecode.swift; path = HomeViewModel.swift; sourceTree = "<group>"; };
		25A9A8D16D9714C46AE871A3 /* MainViewController.swift */ = {isa = PBXFileReference; lastKnownFileType = sourcecode.swift; path = MainViewController.swift; sourceTree = "<group>"; };
		28674A9D914882E666DFF00E /* Extension_UIStackView.swift */ = {isa = PBXFileReference; lastKnownFileType = sourcecode.swift; path = Extension_UIStackView.swift; sourceTree = "<group>"; };
		2C1A7F457AF7CAC51AE3C6AB /* UIGestureRecognizer+Publisher.swift */ = {isa = PBXFileReference; lastKnownFileType = sourcecode.swift; path = "UIGestureRecognizer+Publisher.swift"; sourceTree = "<group>"; };
		2CAA8E278CF92B6C39831515 /* MyPageViewModel.swift */ = {isa = PBXFileReference; lastKnownFileType = sourcecode.swift; path = MyPageViewModel.swift; sourceTree = "<group>"; };
		2D6906C48650682D5C704866 /* LeftAlignedFlowLayout.swift */ = {isa = PBXFileReference; lastKnownFileType = sourcecode.swift; path = LeftAlignedFlowLayout.swift; sourceTree = "<group>"; };
		342AE4EAEE40294F0A26F2B8 /* Presentation.framework */ = {isa = PBXFileReference; explicitFileType = wrapper.framework; includeInIndex = 0; path = Presentation.framework; sourceTree = BUILT_PRODUCTS_DIR; };
		34AD422405AEA0A6A12AAD28 /* MainCoordinator.swift */ = {isa = PBXFileReference; lastKnownFileType = sourcecode.swift; path = MainCoordinator.swift; sourceTree = "<group>"; };
		39ED3BC2474DC0F432EAFB85 /* PhotoLibraryCoordinator.swift */ = {isa = PBXFileReference; lastKnownFileType = sourcecode.swift; path = PhotoLibraryCoordinator.swift; sourceTree = "<group>"; };
		3A1A9C282BE62BA859D280F2 /* SplashViewController.swift */ = {isa = PBXFileReference; lastKnownFileType = sourcecode.swift; path = SplashViewController.swift; sourceTree = "<group>"; };
		3AE7BDBB893973544517AFFF /* Extension_UIFont.swift */ = {isa = PBXFileReference; lastKnownFileType = sourcecode.swift; path = Extension_UIFont.swift; sourceTree = "<group>"; };
		3C18C417DC62917A6F8651BD /* NaviBarType.swift */ = {isa = PBXFileReference; lastKnownFileType = sourcecode.swift; path = NaviBarType.swift; sourceTree = "<group>"; };
		3D75BDA072F9E06E34DEB813 /* TabbarViewController.swift */ = {isa = PBXFileReference; lastKnownFileType = sourcecode.swift; path = TabbarViewController.swift; sourceTree = "<group>"; };
		3D8C733F1D7589153F1FFE1F /* TabbarCoordinator.swift */ = {isa = PBXFileReference; lastKnownFileType = sourcecode.swift; path = TabbarCoordinator.swift; sourceTree = "<group>"; };
		41AE4EF10D324D138285AD48 /* LoadingView.swift */ = {isa = PBXFileReference; lastKnownFileType = sourcecode.swift; path = LoadingView.swift; sourceTree = "<group>"; };
		41CA43C4455F51F86D88B772 /* Extension_UILabel.swift */ = {isa = PBXFileReference; lastKnownFileType = sourcecode.swift; path = Extension_UILabel.swift; sourceTree = "<group>"; };
		48B5FBDDBDD95CCE3EE8EA9B /* BaseViewController.swift */ = {isa = PBXFileReference; lastKnownFileType = sourcecode.swift; path = BaseViewController.swift; sourceTree = "<group>"; };
		4AC6050EB2A12AA43E785BA5 /* Extension_UISegmentedControl.swift */ = {isa = PBXFileReference; lastKnownFileType = sourcecode.swift; path = Extension_UISegmentedControl.swift; sourceTree = "<group>"; };
		4B0961E8873C1BFDA61108A2 /* TuistAssets+Presentation.swift */ = {isa = PBXFileReference; lastKnownFileType = sourcecode.swift; path = "TuistAssets+Presentation.swift"; sourceTree = "<group>"; };
		50E5EE58E9BA58E8710D8D45 /* LabelsCoordinator.swift */ = {isa = PBXFileReference; lastKnownFileType = sourcecode.swift; path = LabelsCoordinator.swift; sourceTree = "<group>"; };
		55DFCE6EDBF9C396DD6D6E33 /* MyPageDIContainer.swift */ = {isa = PBXFileReference; lastKnownFileType = sourcecode.swift; path = MyPageDIContainer.swift; sourceTree = "<group>"; };
		58C970CD41B6B5F29F411FAB /* AlertButtonConfig.swift */ = {isa = PBXFileReference; lastKnownFileType = sourcecode.swift; path = AlertButtonConfig.swift; sourceTree = "<group>"; };
		5D028AB2DA0BB0AC69E334BB /* Regex.swift */ = {isa = PBXFileReference; lastKnownFileType = sourcecode.swift; path = Regex.swift; sourceTree = "<group>"; };
		5D7B5780986C5EECD1B78992 /* LabelsDIContainer.swift */ = {isa = PBXFileReference; lastKnownFileType = sourcecode.swift; path = LabelsDIContainer.swift; sourceTree = "<group>"; };
		60D8D272D5A1AFB3C3C374D5 /* PhotoLibraryViewController.swift */ = {isa = PBXFileReference; lastKnownFileType = sourcecode.swift; path = PhotoLibraryViewController.swift; sourceTree = "<group>"; };
		61F2F6619F3F3C694B29487D /* AlertManageable.swift */ = {isa = PBXFileReference; lastKnownFileType = sourcecode.swift; path = AlertManageable.swift; sourceTree = "<group>"; };
		64A57C4E3C0EB98D13F5C88E /* PhotoGridViewController.swift */ = {isa = PBXFileReference; lastKnownFileType = sourcecode.swift; path = PhotoGridViewController.swift; sourceTree = "<group>"; };
		6572185E13AF9F40CC6A8359 /* AppDIContainer.swift */ = {isa = PBXFileReference; lastKnownFileType = sourcecode.swift; path = AppDIContainer.swift; sourceTree = "<group>"; };
		67BC566822730766F3AE64D4 /* TabbarDIContainer.swift */ = {isa = PBXFileReference; lastKnownFileType = sourcecode.swift; path = TabbarDIContainer.swift; sourceTree = "<group>"; };
		6AE569B13800FF9871F9B568 /* ImageLoadable.swift */ = {isa = PBXFileReference; lastKnownFileType = sourcecode.swift; path = ImageLoadable.swift; sourceTree = "<group>"; };
		6D42EEB1F9EB444EE42BCE28 /* Extension_UIImage.swift */ = {isa = PBXFileReference; lastKnownFileType = sourcecode.swift; path = Extension_UIImage.swift; sourceTree = "<group>"; };
		6E2CABAF8819D021ACBB6B23 /* HomeDIContainer.swift */ = {isa = PBXFileReference; lastKnownFileType = sourcecode.swift; path = HomeDIContainer.swift; sourceTree = "<group>"; };
		719A054EFAF30746BAE3782E /* Extension_UIColor.swift */ = {isa = PBXFileReference; lastKnownFileType = sourcecode.swift; path = Extension_UIColor.swift; sourceTree = "<group>"; };
		73D037E2C431D0650FE179B1 /* PhotoTestCoordinator.swift */ = {isa = PBXFileReference; lastKnownFileType = sourcecode.swift; path = PhotoTestCoordinator.swift; sourceTree = "<group>"; };
		75D92F5115DB359614C13635 /* AlbumViewModel.swift */ = {isa = PBXFileReference; lastKnownFileType = sourcecode.swift; path = AlbumViewModel.swift; sourceTree = "<group>"; };
		7E9D3650BE472E704D57EC89 /* AlbumCoordinator.swift */ = {isa = PBXFileReference; lastKnownFileType = sourcecode.swift; path = AlbumCoordinator.swift; sourceTree = "<group>"; };
		7F252FA414F730A843B69ED7 /* NaviBarView.swift */ = {isa = PBXFileReference; lastKnownFileType = sourcecode.swift; path = NaviBarView.swift; sourceTree = "<group>"; };
		80FC95C27373D8DD1543F125 /* PhotoLibraryViewModel.swift */ = {isa = PBXFileReference; lastKnownFileType = sourcecode.swift; path = PhotoLibraryViewModel.swift; sourceTree = "<group>"; };
		8283ED43F36B19F071F13E23 /* Extension_UIButton.swift */ = {isa = PBXFileReference; lastKnownFileType = sourcecode.swift; path = Extension_UIButton.swift; sourceTree = "<group>"; };
		82F0720D9B464CF8F3E51AD1 /* Domain.framework */ = {isa = PBXFileReference; explicitFileType = wrapper.framework; includeInIndex = 0; path = Domain.framework; sourceTree = BUILT_PRODUCTS_DIR; };
		89F76F166FDFEB0A004CE633 /* PhotoTestViewController.swift */ = {isa = PBXFileReference; lastKnownFileType = sourcecode.swift; path = PhotoTestViewController.swift; sourceTree = "<group>"; };
		8B151F381F6CDC55F11B9D90 /* MainViewModel.swift */ = {isa = PBXFileReference; lastKnownFileType = sourcecode.swift; path = MainViewModel.swift; sourceTree = "<group>"; };
		8D7BED52C187B9DC312AD0E8 /* SplashViewModel.swift */ = {isa = PBXFileReference; lastKnownFileType = sourcecode.swift; path = SplashViewModel.swift; sourceTree = "<group>"; };
		8F123E57E42305BA2907FE13 /* AlbumDIContainer.swift */ = {isa = PBXFileReference; lastKnownFileType = sourcecode.swift; path = AlbumDIContainer.swift; sourceTree = "<group>"; };
		92D379FC79776FBC7A77423B /* Assets.xcassets */ = {isa = PBXFileReference; lastKnownFileType = folder.assetcatalog; path = Assets.xcassets; sourceTree = "<group>"; };
		976797041FBCEDED9606E242 /* MyPageViewController.swift */ = {isa = PBXFileReference; lastKnownFileType = sourcecode.swift; path = MyPageViewController.swift; sourceTree = "<group>"; };
		98AAFFF31B76C431F1139731 /* HomeViewController.swift */ = {isa = PBXFileReference; lastKnownFileType = sourcecode.swift; path = HomeViewController.swift; sourceTree = "<group>"; };
		998E8B3484D5E811058E6E85 /* Extension_UIView.swift */ = {isa = PBXFileReference; lastKnownFileType = sourcecode.swift; path = Extension_UIView.swift; sourceTree = "<group>"; };
		9CFD949F167607A72D1EA3AA /* Extension_NSMutableAttributedString.swift */ = {isa = PBXFileReference; lastKnownFileType = sourcecode.swift; path = Extension_NSMutableAttributedString.swift; sourceTree = "<group>"; };
		9E90CD40C5DEBE648B0955EE /* MainDIContainer.swift */ = {isa = PBXFileReference; lastKnownFileType = sourcecode.swift; path = MainDIContainer.swift; sourceTree = "<group>"; };
		A10F1A991453FF9438018AFD /* NaviBarButton.swift */ = {isa = PBXFileReference; lastKnownFileType = sourcecode.swift; path = NaviBarButton.swift; sourceTree = "<group>"; };
		A2AF349BA1F7EA2BC0BBF4A5 /* NaviButtonSetting.swift */ = {isa = PBXFileReference; lastKnownFileType = sourcecode.swift; path = NaviButtonSetting.swift; sourceTree = "<group>"; };
		A5B5DDF86843F2E3695365DF /* AlbumDetailViewModel.swift */ = {isa = PBXFileReference; lastKnownFileType = sourcecode.swift; path = AlbumDetailViewModel.swift; sourceTree = "<group>"; };
		A88E58C42C31FEF9CF370989 /* Extension_MutableCollection.swift */ = {isa = PBXFileReference; lastKnownFileType = sourcecode.swift; path = Extension_MutableCollection.swift; sourceTree = "<group>"; };
		AA8471CE58E3472110984FC4 /* CustomTabBarViewController.swift */ = {isa = PBXFileReference; lastKnownFileType = sourcecode.swift; path = CustomTabBarViewController.swift; sourceTree = "<group>"; };
		AA95B926A06ADF18DAFF4911 /* FolderStateView.swift */ = {isa = PBXFileReference; lastKnownFileType = sourcecode.swift; path = FolderStateView.swift; sourceTree = "<group>"; };
		ABC1E533AB4C8AAA8B48F1F3 /* CustomTabBarItem.swift */ = {isa = PBXFileReference; lastKnownFileType = sourcecode.swift; path = CustomTabBarItem.swift; sourceTree = "<group>"; };
		AE52F8DB3B238CB39E197897 /* LabelsViewModel.swift */ = {isa = PBXFileReference; lastKnownFileType = sourcecode.swift; path = LabelsViewModel.swift; sourceTree = "<group>"; };
		B17589FEE05ACDB5C24C1C19 /* MyCell.swift */ = {isa = PBXFileReference; lastKnownFileType = sourcecode.swift; path = MyCell.swift; sourceTree = "<group>"; };
		B4BBD0AE24CC83598B1C3148 /* AlertManager.swift */ = {isa = PBXFileReference; lastKnownFileType = sourcecode.swift; path = AlertManager.swift; sourceTree = "<group>"; };
		B75F176FC43277493F0EED6E /* PhotoSectionHeaderView.swift */ = {isa = PBXFileReference; lastKnownFileType = sourcecode.swift; path = PhotoSectionHeaderView.swift; sourceTree = "<group>"; };
		B86EE313B24249685CA4C2F7 /* PhotoCell.swift */ = {isa = PBXFileReference; lastKnownFileType = sourcecode.swift; path = PhotoCell.swift; sourceTree = "<group>"; };
		B94E4C85FB09EA817C77A0BA /* ListViewController.swift */ = {isa = PBXFileReference; lastKnownFileType = sourcecode.swift; path = ListViewController.swift; sourceTree = "<group>"; };
		BDAD9FCDF00A8502F0CDC9F1 /* TuistBundle+Presentation.swift */ = {isa = PBXFileReference; lastKnownFileType = sourcecode.swift; path = "TuistBundle+Presentation.swift"; sourceTree = "<group>"; };
		BE5B2F18952DFF003D8E2421 /* GradientCardView.swift */ = {isa = PBXFileReference; lastKnownFileType = sourcecode.swift; path = GradientCardView.swift; sourceTree = "<group>"; };
		BE93C7FE0E23AFE023F533E7 /* PhotoCellItemViewModel.swift */ = {isa = PBXFileReference; lastKnownFileType = sourcecode.swift; path = PhotoCellItemViewModel.swift; sourceTree = "<group>"; };
		C06D9DFB2413E81BE06AAC41 /* BaseEventRouter.swift */ = {isa = PBXFileReference; lastKnownFileType = sourcecode.swift; path = BaseEventRouter.swift; sourceTree = "<group>"; };
		C1DFADB91C9C20B195DC6FDC /* SplashCoordinator.swift */ = {isa = PBXFileReference; lastKnownFileType = sourcecode.swift; path = SplashCoordinator.swift; sourceTree = "<group>"; };
		C3645708A5BAD77D391863C3 /* UIView+Publisher.swift */ = {isa = PBXFileReference; lastKnownFileType = sourcecode.swift; path = "UIView+Publisher.swift"; sourceTree = "<group>"; };
		C4A8AC47B813708FB8EBFCDE /* CustomTabBarDelegate.swift */ = {isa = PBXFileReference; lastKnownFileType = sourcecode.swift; path = CustomTabBarDelegate.swift; sourceTree = "<group>"; };
		C8F9AC182358D4FE2D5C299B /* AlbumDetailCoordinator.swift */ = {isa = PBXFileReference; lastKnownFileType = sourcecode.swift; path = AlbumDetailCoordinator.swift; sourceTree = "<group>"; };
		CC48366424EBCDCD6592A9E3 /* ListCoordinator.swift */ = {isa = PBXFileReference; lastKnownFileType = sourcecode.swift; path = ListCoordinator.swift; sourceTree = "<group>"; };
		CCD53CB3AA237E06A9C76764 /* Extension_UIViewController.swift */ = {isa = PBXFileReference; lastKnownFileType = sourcecode.swift; path = Extension_UIViewController.swift; sourceTree = "<group>"; };
		CEB9EB9C6C13C8F825E27E73 /* SnapKit.framework */ = {isa = PBXFileReference; explicitFileType = wrapper.framework; includeInIndex = 0; path = SnapKit.framework; sourceTree = BUILT_PRODUCTS_DIR; };
		D3D8386C4524E82DE539EA53 /* LabelsViewController.swift */ = {isa = PBXFileReference; lastKnownFileType = sourcecode.swift; path = LabelsViewController.swift; sourceTree = "<group>"; };
		D8300BFD9F89CA11913EBBE1 /* Extension_String.swift */ = {isa = PBXFileReference; lastKnownFileType = sourcecode.swift; path = Extension_String.swift; sourceTree = "<group>"; };
		D8BAD0070B04CDF1EAB02CFB /* AlbumDetailDIContainer.swift */ = {isa = PBXFileReference; lastKnownFileType = sourcecode.swift; path = AlbumDetailDIContainer.swift; sourceTree = "<group>"; };
		D950EBD5C5E8E6FB899C6E8A /* MyPageCoordinator.swift */ = {isa = PBXFileReference; lastKnownFileType = sourcecode.swift; path = MyPageCoordinator.swift; sourceTree = "<group>"; };
		DA704CC81D0F97A19AA5B775 /* PhotoHeader.swift */ = {isa = PBXFileReference; lastKnownFileType = sourcecode.swift; path = PhotoHeader.swift; sourceTree = "<group>"; };
		DB980785EF62986D70A11C49 /* FolderCellItemViewModel.swift */ = {isa = PBXFileReference; lastKnownFileType = sourcecode.swift; path = FolderCellItemViewModel.swift; sourceTree = "<group>"; };
		E40A6C338B0BC01EC436E06E /* Extension_Sequence.swift */ = {isa = PBXFileReference; lastKnownFileType = sourcecode.swift; path = Extension_Sequence.swift; sourceTree = "<group>"; };
		E474256CB4A9464026CD7F10 /* BaseCoordinator.swift */ = {isa = PBXFileReference; lastKnownFileType = sourcecode.swift; path = BaseCoordinator.swift; sourceTree = "<group>"; };
		E69CC04667D8CB8EA7C9A905 /* FolderCell.swift */ = {isa = PBXFileReference; lastKnownFileType = sourcecode.swift; path = FolderCell.swift; sourceTree = "<group>"; };
		E6E47C332389E708A696E253 /* AlertViewController.swift */ = {isa = PBXFileReference; lastKnownFileType = sourcecode.swift; path = AlertViewController.swift; sourceTree = "<group>"; };
		EDC7E8CD06B312A92C2C3101 /* Extension_UITextField.swift */ = {isa = PBXFileReference; lastKnownFileType = sourcecode.swift; path = Extension_UITextField.swift; sourceTree = "<group>"; };
		F26268DDAD4270C700F9F869 /* ListDIContainer.swift */ = {isa = PBXFileReference; lastKnownFileType = sourcecode.swift; path = ListDIContainer.swift; sourceTree = "<group>"; };
		F4970CC3CF7281FDEDF5A2E4 /* BaseViewModel.swift */ = {isa = PBXFileReference; lastKnownFileType = sourcecode.swift; path = BaseViewModel.swift; sourceTree = "<group>"; };
		F687BDB1C5A5D939130A0D13 /* PhotoTestDIContainer.swift */ = {isa = PBXFileReference; lastKnownFileType = sourcecode.swift; path = PhotoTestDIContainer.swift; sourceTree = "<group>"; };
		F6D99F67B6F8A867B9D6EAFA /* test.xib */ = {isa = PBXFileReference; lastKnownFileType = file.xib; path = test.xib; sourceTree = "<group>"; };
		F9C2998FAD7DD5077BD097DB /* Extension_UITextView.swift */ = {isa = PBXFileReference; lastKnownFileType = sourcecode.swift; path = Extension_UITextView.swift; sourceTree = "<group>"; };
		FDE0D246DE24CB8D997BAF99 /* AlbumDetailViewController.swift */ = {isa = PBXFileReference; lastKnownFileType = sourcecode.swift; path = AlbumDetailViewController.swift; sourceTree = "<group>"; };
/* End PBXFileReference section */

/* Begin PBXFileSystemSynchronizedRootGroup section */
		19EDE6BB2F9F27DF000D6218 /* Sheet */ = {isa = PBXFileSystemSynchronizedRootGroup; explicitFileTypes = {}; explicitFolders = (); path = Sheet; sourceTree = "<group>"; };
		19EDE6BC2F9F280C000D6218 /* AlbumAnalysisSheet */ = {isa = PBXFileSystemSynchronizedRootGroup; explicitFileTypes = {}; explicitFolders = (); path = AlbumAnalysisSheet; sourceTree = "<group>"; };
		19EDE6C12F9F8C92000D6218 /* MiniProgress */ = {isa = PBXFileSystemSynchronizedRootGroup; explicitFileTypes = {}; explicitFolders = (); path = MiniProgress; sourceTree = "<group>"; };
/* End PBXFileSystemSynchronizedRootGroup section */

/* Begin PBXFrameworksBuildPhase section */
		AD6BB5BA06158E0D2E4C8A3C /* Frameworks */ = {
			isa = PBXFrameworksBuildPhase;
			buildActionMask = 2147483647;
			files = (
				9A38F45616541E23B2BD7536 /* Domain.framework in Frameworks */,
				550A378C83436838E543D472 /* SnapKit.framework in Frameworks */,
			);
			runOnlyForDeploymentPostprocessing = 0;
		};
/* End PBXFrameworksBuildPhase section */

/* Begin PBXGroup section */
		09DC10C7E841FA4B6B6BC3D4 /* Loading */ = {
			isa = PBXGroup;
			children = (
				41AE4EF10D324D138285AD48 /* LoadingView.swift */,
			);
			path = Loading;
			sourceTree = "<group>";
		};
		0A59867E452FCDCC30C04318 /* Sources */ = {
			isa = PBXGroup;
			children = (
				4B0961E8873C1BFDA61108A2 /* TuistAssets+Presentation.swift */,
				BDAD9FCDF00A8502F0CDC9F1 /* TuistBundle+Presentation.swift */,
			);
			path = Sources;
			sourceTree = "<group>";
		};
		1009B98B90CE1A80040E5A44 /* Common */ = {
			isa = PBXGroup;
			children = (
				2EAA0AE8D17F6832885302E3 /* Base */,
				B18E3960CEEA5B6DBA69504B /* Components */,
				3EF02DC3D9F1AA9278D00F45 /* DI */,
			);
			path = Common;
			sourceTree = "<group>";
		};
		214B132DB7D267861299AC15 /* Home */ = {
			isa = PBXGroup;
			children = (
				0CE527805A0FFC681F30F295 /* HomeCoordinator.swift */,
				6E2CABAF8819D021ACBB6B23 /* HomeDIContainer.swift */,
				98AAFFF31B76C431F1139731 /* HomeViewController.swift */,
				24F4C9EDD75B280BB4BE30A9 /* HomeViewModel.swift */,
			);
			path = Home;
			sourceTree = "<group>";
		};
		2EAA0AE8D17F6832885302E3 /* Base */ = {
			isa = PBXGroup;
			children = (
				E474256CB4A9464026CD7F10 /* BaseCoordinator.swift */,
				C06D9DFB2413E81BE06AAC41 /* BaseEventRouter.swift */,
				48B5FBDDBDD95CCE3EE8EA9B /* BaseViewController.swift */,
				F4970CC3CF7281FDEDF5A2E4 /* BaseViewModel.swift */,
				6AE569B13800FF9871F9B568 /* ImageLoadable.swift */,
				64A57C4E3C0EB98D13F5C88E /* PhotoGridViewController.swift */,
			);
			path = Base;
			sourceTree = "<group>";
		};
		353560A8C0C235780BF94E02 /* List */ = {
			isa = PBXGroup;
			children = (
				CC48366424EBCDCD6592A9E3 /* ListCoordinator.swift */,
				F26268DDAD4270C700F9F869 /* ListDIContainer.swift */,
				B94E4C85FB09EA817C77A0BA /* ListViewController.swift */,
				1B74B54DBDDE8F00F62C6A60 /* ListViewModel.swift */,
			);
			path = List;
			sourceTree = "<group>";
		};
		3EF02DC3D9F1AA9278D00F45 /* DI */ = {
			isa = PBXGroup;
			children = (
				6572185E13AF9F40CC6A8359 /* AppDIContainer.swift */,
			);
			path = DI;
			sourceTree = "<group>";
		};
		4750F860E7126A4865576EA5 /* Derived */ = {
			isa = PBXGroup;
			children = (
				4C813A262FB7BAE2D823EAF8 /* InfoPlists */,
				0A59867E452FCDCC30C04318 /* Sources */,
			);
			path = Derived;
			sourceTree = "<group>";
		};
		48C3BB372FC706C0D62EA950 /* Alert */ = {
			isa = PBXGroup;
			children = (
				58C970CD41B6B5F29F411FAB /* AlertButtonConfig.swift */,
				125FEEE52CEDA2092E747AB0 /* AlertItem.swift */,
				61F2F6619F3F3C694B29487D /* AlertManageable.swift */,
				B4BBD0AE24CC83598B1C3148 /* AlertManager.swift */,
				E6E47C332389E708A696E253 /* AlertViewController.swift */,
				0E9B7F8500571EFB5D78EF9C /* AlertViewModel.swift */,
			);
			path = Alert;
			sourceTree = "<group>";
		};
		4C813A262FB7BAE2D823EAF8 /* InfoPlists */ = {
			isa = PBXGroup;
			children = (
				134AEE009D928C7E39EAF4CD /* Presentation-Info.plist */,
			);
			path = InfoPlists;
			sourceTree = "<group>";
		};
		53B4BC34DBBE6B6CC103D7F6 /* PhotoTest */ = {
			isa = PBXGroup;
			children = (
				73D037E2C431D0650FE179B1 /* PhotoTestCoordinator.swift */,
				F687BDB1C5A5D939130A0D13 /* PhotoTestDIContainer.swift */,
				89F76F166FDFEB0A004CE633 /* PhotoTestViewController.swift */,
				0B9667B9CB038CFF99E822A7 /* PhotoTestViewModel.swift */,
			);
			path = PhotoTest;
			sourceTree = "<group>";
		};
		7473BC3AABB7D89AF08035C0 /* Photo */ = {
			isa = PBXGroup;
			children = (
				BE5B2F18952DFF003D8E2421 /* GradientCardView.swift */,
				B86EE313B24249685CA4C2F7 /* PhotoCell.swift */,
				BE93C7FE0E23AFE023F533E7 /* PhotoCellItemViewModel.swift */,
				DA704CC81D0F97A19AA5B775 /* PhotoHeader.swift */,
				B75F176FC43277493F0EED6E /* PhotoSectionHeaderView.swift */,
			);
			path = Photo;
			sourceTree = "<group>";
		};
		93E25B8561FA4F05F1733CF8 /* LeftCollectionLayout */ = {
			isa = PBXGroup;
			children = (
				2D6906C48650682D5C704866 /* LeftAlignedFlowLayout.swift */,
			);
			path = LeftCollectionLayout;
			sourceTree = "<group>";
		};
		94F20BCDAB30B75F08938EFA /* Navigation */ = {
			isa = PBXGroup;
			children = (
				A10F1A991453FF9438018AFD /* NaviBarButton.swift */,
				3C18C417DC62917A6F8651BD /* NaviBarType.swift */,
				7F252FA414F730A843B69ED7 /* NaviBarView.swift */,
				A2AF349BA1F7EA2BC0BBF4A5 /* NaviButtonSetting.swift */,
			);
			path = Navigation;
			sourceTree = "<group>";
		};
		A165019E6AA2C07443B90EFB /* Tabbar */ = {
			isa = PBXGroup;
			children = (
				FB995D461B3B838844F9FB2E /* Custom */,
				3D8C733F1D7589153F1FFE1F /* TabbarCoordinator.swift */,
				67BC566822730766F3AE64D4 /* TabbarDIContainer.swift */,
				3D75BDA072F9E06E34DEB813 /* TabbarViewController.swift */,
				19EDE6C62FA24924000D6218 /* TabbarViewModel.swift */,
			);
			path = Tabbar;
			sourceTree = "<group>";
		};
		ACFC6E8F6D299B22A1D9900B /* Sources */ = {
			isa = PBXGroup;
			children = (
				19EDE6C12F9F8C92000D6218 /* MiniProgress */,
				19EDE6BC2F9F280C000D6218 /* AlbumAnalysisSheet */,
				B9397ABB0AF9E6EB341D382E /* Album */,
				B6F0CB9BC97FA29087115603 /* AlbumDetail */,
				48C3BB372FC706C0D62EA950 /* Alert */,
				1009B98B90CE1A80040E5A44 /* Common */,
				214B132DB7D267861299AC15 /* Home */,
				AE1E7AFE82F7329C4461B32D /* Labels */,
				353560A8C0C235780BF94E02 /* List */,
				DED047989677029CD5A784C9 /* Main */,
				FDD6A6D8B7F0AE959F360B77 /* MyPage */,
				94F20BCDAB30B75F08938EFA /* Navigation */,
				B87137E5C8044863B63641C9 /* PhotoLibrary */,
				53B4BC34DBBE6B6CC103D7F6 /* PhotoTest */,
				C086964BB7EBA7D39310EB89 /* Splash */,
				A165019E6AA2C07443B90EFB /* Tabbar */,
			);
			path = Sources;
			sourceTree = "<group>";
		};
		AE1E7AFE82F7329C4461B32D /* Labels */ = {
			isa = PBXGroup;
			children = (
				50E5EE58E9BA58E8710D8D45 /* LabelsCoordinator.swift */,
				5D7B5780986C5EECD1B78992 /* LabelsDIContainer.swift */,
				D3D8386C4524E82DE539EA53 /* LabelsViewController.swift */,
				AE52F8DB3B238CB39E197897 /* LabelsViewModel.swift */,
				0EC98997474D5ABEA1E71B7D /* PhotoLabelCell.swift */,
			);
			path = Labels;
			sourceTree = "<group>";
		};
		B18E3960CEEA5B6DBA69504B /* Components */ = {
			isa = PBXGroup;
			children = (
				CCA86452BF30CF37BB75F7B3 /* Extension */,
				F7D59083D68E7B3DF3F40F6B /* Folder */,
				93E25B8561FA4F05F1733CF8 /* LeftCollectionLayout */,
				09DC10C7E841FA4B6B6BC3D4 /* Loading */,
				7473BC3AABB7D89AF08035C0 /* Photo */,
				BA01644556A6DF18A09808D1 /* Publisher */,
			);
			path = Components;
			sourceTree = "<group>";
		};
		B6F0CB9BC97FA29087115603 /* AlbumDetail */ = {
			isa = PBXGroup;
			children = (
				19EDE6BB2F9F27DF000D6218 /* Sheet */,
				C8F9AC182358D4FE2D5C299B /* AlbumDetailCoordinator.swift */,
				D8BAD0070B04CDF1EAB02CFB /* AlbumDetailDIContainer.swift */,
				FDE0D246DE24CB8D997BAF99 /* AlbumDetailViewController.swift */,
				A5B5DDF86843F2E3695365DF /* AlbumDetailViewModel.swift */,
			);
			path = AlbumDetail;
			sourceTree = "<group>";
		};
		B87137E5C8044863B63641C9 /* PhotoLibrary */ = {
			isa = PBXGroup;
			children = (
				39ED3BC2474DC0F432EAFB85 /* PhotoLibraryCoordinator.swift */,
				1E177AD797E6C5E5BD5A62BA /* PhotoLibraryDIContainer.swift */,
				60D8D272D5A1AFB3C3C374D5 /* PhotoLibraryViewController.swift */,
				80FC95C27373D8DD1543F125 /* PhotoLibraryViewModel.swift */,
			);
			path = PhotoLibrary;
			sourceTree = "<group>";
		};
		B9397ABB0AF9E6EB341D382E /* Album */ = {
			isa = PBXGroup;
			children = (
				7E9D3650BE472E704D57EC89 /* AlbumCoordinator.swift */,
				8F123E57E42305BA2907FE13 /* AlbumDIContainer.swift */,
				03112E88258FD411CDDBA6D3 /* AlbumViewController.swift */,
				75D92F5115DB359614C13635 /* AlbumViewModel.swift */,
				19EDE6B82F9F171F000D6218 /* AlbumEmtpyView.swift */,
			);
			path = Album;
			sourceTree = "<group>";
		};
		BA01644556A6DF18A09808D1 /* Publisher */ = {
			isa = PBXGroup;
			children = (
				00134F7BB613E1BD0B7516E7 /* UIControl+Publisher.swift */,
				2C1A7F457AF7CAC51AE3C6AB /* UIGestureRecognizer+Publisher.swift */,
				C3645708A5BAD77D391863C3 /* UIView+Publisher.swift */,
			);
			path = Publisher;
			sourceTree = "<group>";
		};
		C02C5E1EE85A039BFF7C8F57 /* Project */ = {
			isa = PBXGroup;
			children = (
				4750F860E7126A4865576EA5 /* Derived */,
				DFA6680B59E84C015701A0CD /* Resources */,
				ACFC6E8F6D299B22A1D9900B /* Sources */,
			);
			name = Project;
			sourceTree = "<group>";
		};
		C086964BB7EBA7D39310EB89 /* Splash */ = {
			isa = PBXGroup;
			children = (
				C1DFADB91C9C20B195DC6FDC /* SplashCoordinator.swift */,
				3A1A9C282BE62BA859D280F2 /* SplashViewController.swift */,
				8D7BED52C187B9DC312AD0E8 /* SplashViewModel.swift */,
			);
			path = Splash;
			sourceTree = "<group>";
		};
		CCA86452BF30CF37BB75F7B3 /* Extension */ = {
			isa = PBXGroup;
			children = (
				A88E58C42C31FEF9CF370989 /* Extension_MutableCollection.swift */,
				9CFD949F167607A72D1EA3AA /* Extension_NSMutableAttributedString.swift */,
				E40A6C338B0BC01EC436E06E /* Extension_Sequence.swift */,
				D8300BFD9F89CA11913EBBE1 /* Extension_String.swift */,
				8283ED43F36B19F071F13E23 /* Extension_UIButton.swift */,
				719A054EFAF30746BAE3782E /* Extension_UIColor.swift */,
				3AE7BDBB893973544517AFFF /* Extension_UIFont.swift */,
				6D42EEB1F9EB444EE42BCE28 /* Extension_UIImage.swift */,
				41CA43C4455F51F86D88B772 /* Extension_UILabel.swift */,
				4AC6050EB2A12AA43E785BA5 /* Extension_UISegmentedControl.swift */,
				28674A9D914882E666DFF00E /* Extension_UIStackView.swift */,
				EDC7E8CD06B312A92C2C3101 /* Extension_UITextField.swift */,
				F9C2998FAD7DD5077BD097DB /* Extension_UITextView.swift */,
				998E8B3484D5E811058E6E85 /* Extension_UIView.swift */,
				CCD53CB3AA237E06A9C76764 /* Extension_UIViewController.swift */,
				0D27F91A14AEB240D0A2E7D8 /* NibLoadable.swift */,
				5D028AB2DA0BB0AC69E334BB /* Regex.swift */,
			);
			path = Extension;
			sourceTree = "<group>";
		};
		DED047989677029CD5A784C9 /* Main */ = {
			isa = PBXGroup;
			children = (
				34AD422405AEA0A6A12AAD28 /* MainCoordinator.swift */,
				9E90CD40C5DEBE648B0955EE /* MainDIContainer.swift */,
				25A9A8D16D9714C46AE871A3 /* MainViewController.swift */,
				8B151F381F6CDC55F11B9D90 /* MainViewModel.swift */,
			);
			path = Main;
			sourceTree = "<group>";
		};
		DFA6680B59E84C015701A0CD /* Resources */ = {
			isa = PBXGroup;
			children = (
				92D379FC79776FBC7A77423B /* Assets.xcassets */,
				F6D99F67B6F8A867B9D6EAFA /* test.xib */,
			);
			path = Resources;
			sourceTree = "<group>";
		};
		F6D62D9CC500DDA356076FB6 /* Products */ = {
			isa = PBXGroup;
			children = (
				82F0720D9B464CF8F3E51AD1 /* Domain.framework */,
				342AE4EAEE40294F0A26F2B8 /* Presentation.framework */,
				CEB9EB9C6C13C8F825E27E73 /* SnapKit.framework */,
			);
			name = Products;
			sourceTree = "<group>";
		};
		F7D59083D68E7B3DF3F40F6B /* Folder */ = {
			isa = PBXGroup;
			children = (
				E69CC04667D8CB8EA7C9A905 /* FolderCell.swift */,
				DB980785EF62986D70A11C49 /* FolderCellItemViewModel.swift */,
				AA95B926A06ADF18DAFF4911 /* FolderStateView.swift */,
			);
			path = Folder;
			sourceTree = "<group>";
		};
		FB16DD150B16F59498923414 = {
			isa = PBXGroup;
			children = (
				C02C5E1EE85A039BFF7C8F57 /* Project */,
				F6D62D9CC500DDA356076FB6 /* Products */,
			);
			sourceTree = "<group>";
		};
		FB995D461B3B838844F9FB2E /* Custom */ = {
			isa = PBXGroup;
			children = (
				C4A8AC47B813708FB8EBFCDE /* CustomTabBarDelegate.swift */,
				ABC1E533AB4C8AAA8B48F1F3 /* CustomTabBarItem.swift */,
				AA8471CE58E3472110984FC4 /* CustomTabBarViewController.swift */,
			);
			path = Custom;
			sourceTree = "<group>";
		};
		FDD6A6D8B7F0AE959F360B77 /* MyPage */ = {
			isa = PBXGroup;
			children = (
				19EDE6CE2FA32FD6000D6218 /* MyPageSwitchCell.swift */,
				19EDE6CC2FA32B73000D6218 /* BoxView.swift */,
				B17589FEE05ACDB5C24C1C19 /* MyCell.swift */,
				1B18F8EDBD5425ACC9D7811D /* MyPageCellType.swift */,
				D950EBD5C5E8E6FB899C6E8A /* MyPageCoordinator.swift */,
				55DFCE6EDBF9C396DD6D6E33 /* MyPageDIContainer.swift */,
				976797041FBCEDED9606E242 /* MyPageViewController.swift */,
				2CAA8E278CF92B6C39831515 /* MyPageViewModel.swift */,
				19EDE6C82FA31DF2000D6218 /* MyHeaderView.swift */,
				19EDE6CA2FA32243000D6218 /* MyPageCell.swift */,
			);
			path = MyPage;
			sourceTree = "<group>";
		};
/* End PBXGroup section */

/* Begin PBXNativeTarget section */
		3F31459B2DA9E5BB7B7E73E2 /* Presentation */ = {
			isa = PBXNativeTarget;
			buildConfigurationList = 3FBCA82F59D1854392A78BD5 /* Build configuration list for PBXNativeTarget "Presentation" */;
			buildPhases = (
				C7FD07473D6CB2443CFDEC8D /* Sources */,
				047D93C9CBD2893A19732950 /* Resources */,
				AD6BB5BA06158E0D2E4C8A3C /* Frameworks */,
				6A01109A927826C6721A499C /* Embed Frameworks */,
			);
			buildRules = (
			);
			dependencies = (
			);
			fileSystemSynchronizedGroups = (
				19EDE6BB2F9F27DF000D6218 /* Sheet */,
				19EDE6BC2F9F280C000D6218 /* AlbumAnalysisSheet */,
				19EDE6C12F9F8C92000D6218 /* MiniProgress */,
			);
			name = Presentation;
			packageProductDependencies = (
			);
			productName = Presentation;
			productReference = 342AE4EAEE40294F0A26F2B8 /* Presentation.framework */;
			productType = "com.apple.product-type.framework";
		};
/* End PBXNativeTarget section */

/* Begin PBXProject section */
		ADF92DF0AD8E920125A75062 /* Project object */ = {
			isa = PBXProject;
			attributes = {
				BuildIndependentTargetsInParallel = YES;
				ORGANIZATIONNAME = sanghyeon;
			};
			buildConfigurationList = 1F46484E0096B2E0258B70F5 /* Build configuration list for PBXProject "Presentation" */;
			compatibilityVersion = "Xcode 14.0";
			developmentRegion = en;
			hasScannedForEncodings = 0;
			knownRegions = (
				Base,
				en,
			);
			mainGroup = FB16DD150B16F59498923414;
			productRefGroup = F6D62D9CC500DDA356076FB6 /* Products */;
			projectDirPath = "";
			projectRoot = "";
			targets = (
				3F31459B2DA9E5BB7B7E73E2 /* Presentation */,
			);
		};
/* End PBXProject section */

/* Begin PBXResourcesBuildPhase section */
		047D93C9CBD2893A19732950 /* Resources */ = {
			isa = PBXResourcesBuildPhase;
			buildActionMask = 2147483647;
			files = (
				D99957B25A13351D2C1CDBC3 /* Assets.xcassets in Resources */,
				73730347C9EB69CE4A8E585D /* test.xib in Resources */,
			);
			runOnlyForDeploymentPostprocessing = 0;
		};
/* End PBXResourcesBuildPhase section */

/* Begin PBXSourcesBuildPhase section */
		C7FD07473D6CB2443CFDEC8D /* Sources */ = {
			isa = PBXSourcesBuildPhase;
			buildActionMask = 2147483647;
			files = (
				8724723A2379F5A075E0F080 /* TuistAssets+Presentation.swift in Sources */,
				BE1C96F586291D0D02157D57 /* TuistBundle+Presentation.swift in Sources */,
				AACDF3F26A678AE2F2E07660 /* AlbumCoordinator.swift in Sources */,
				ED7371441DF91ABCFC9CF214 /* AlbumDIContainer.swift in Sources */,
				200C032581C4A24727FC0CE6 /* AlbumViewController.swift in Sources */,
				352FCB5AD215C9EA0B1A709D /* AlbumViewModel.swift in Sources */,
				5ADEAF4EFEF2800B08E732F9 /* AlbumDetailCoordinator.swift in Sources */,
				47532F25612067B672BDF8F2 /* AlbumDetailDIContainer.swift in Sources */,
				8F411F69699B691647FC02A2 /* AlbumDetailViewController.swift in Sources */,
				68F7B92E595CE29E2B5D931A /* AlbumDetailViewModel.swift in Sources */,
				495DB8F6655FCA0D6274214F /* AlertButtonConfig.swift in Sources */,
				ABF65EFD3C72BE46280F5CA2 /* AlertItem.swift in Sources */,
				A73870C6574D89FA8BFF62C6 /* AlertManageable.swift in Sources */,
				C4BE009C6D3DBA05FF0FC75E /* AlertManager.swift in Sources */,
				36520B8A29E9F5ECFFF88753 /* AlertViewController.swift in Sources */,
				4389F098097A9E30C07AEC7E /* AlertViewModel.swift in Sources */,
				AD90B623AC1F4BE0A892F9C4 /* BaseCoordinator.swift in Sources */,
				415FC59E52A77D8CF12C8565 /* BaseEventRouter.swift in Sources */,
				36AA397C26610437D42082A8 /* BaseViewController.swift in Sources */,
				D16F155FE2E16F2C9B1B6748 /* BaseViewModel.swift in Sources */,
				802B12E33E2A659E054052E4 /* ImageLoadable.swift in Sources */,
				3FD4388F6DDF7F78C9C42159 /* PhotoGridViewController.swift in Sources */,
				F2DB447ECE3D685355A8300E /* Extension_MutableCollection.swift in Sources */,
				F5004F53B83FF7D04233484B /* Extension_NSMutableAttributedString.swift in Sources */,
				292D2553A716A2C6634E1652 /* Extension_Sequence.swift in Sources */,
				375EAC7FDF30102BB01AFF26 /* Extension_String.swift in Sources */,
				E4ED77EBA3BFFDD5032E268D /* Extension_UIButton.swift in Sources */,
				5D0E4EBBEE052080CE54F022 /* Extension_UIColor.swift in Sources */,
				88C25DA67A7DB6DCE4E5D779 /* Extension_UIFont.swift in Sources */,
				6B21C00E402B89F04AC73A81 /* Extension_UIImage.swift in Sources */,
				9348CE2627DFB62740A7ADC4 /* Extension_UILabel.swift in Sources */,
				1EB3782697E5D5765188E1DE /* Extension_UISegmentedControl.swift in Sources */,
				19EDE6CF2FA32FD6000D6218 /* MyPageSwitchCell.swift in Sources */,
				DEE1DB91C73ABE77DF724469 /* Extension_UIStackView.swift in Sources */,
				7B8F2384F42C2803F7E26622 /* Extension_UITextField.swift in Sources */,
				17750AE257E622DD8E82133C /* Extension_UITextView.swift in Sources */,
				F31B82D5364624DC95B09D22 /* Extension_UIView.swift in Sources */,
				19EDE6C72FA24924000D6218 /* TabbarViewModel.swift in Sources */,
				01715CBADA677BCCFF831A1D /* Extension_UIViewController.swift in Sources */,
				19EDE6C92FA31DF2000D6218 /* MyHeaderView.swift in Sources */,
				56EB5C5AA484162372E08EA4 /* NibLoadable.swift in Sources */,
				FC9A0BD427D721DDCC1B2AEB /* Regex.swift in Sources */,
				4A52E7E23700C35233DF323F /* FolderCell.swift in Sources */,
				F60245781530ADB43E461B55 /* FolderCellItemViewModel.swift in Sources */,
				B276CB6A00BF6FAE04BBB2B8 /* FolderStateView.swift in Sources */,
				9BA6886DF436EE97741877FA /* LeftAlignedFlowLayout.swift in Sources */,
				7B895DB10E84114CF303C8C5 /* LoadingView.swift in Sources */,
				35E1243BD1AD7050277914E5 /* GradientCardView.swift in Sources */,
				7DBCAEB0D6433387E8F774BB /* PhotoCell.swift in Sources */,
				A06CBAC272797FFF34A85347 /* PhotoCellItemViewModel.swift in Sources */,
				AE6AF37C1DE9A545D89A9E99 /* PhotoHeader.swift in Sources */,
				A12F369E54969D1DEB2A85DA /* PhotoSectionHeaderView.swift in Sources */,
				875C5815D9B3DFD90807CE11 /* UIControl+Publisher.swift in Sources */,
				22E9BE6A63E4C891FFBF6C76 /* UIGestureRecognizer+Publisher.swift in Sources */,
				13F779FE4F17BDBA660A1B35 /* UIView+Publisher.swift in Sources */,
				DF40F78A11997062375AF294 /* AppDIContainer.swift in Sources */,
				7F0DB89FCC63AE28726DD967 /* HomeCoordinator.swift in Sources */,
				BA9253A3F2CE033BEF480731 /* HomeDIContainer.swift in Sources */,
				41D0A49F97489D468191FE54 /* HomeViewController.swift in Sources */,
				10D3AACA8AFF3EC5491A1CD2 /* HomeViewModel.swift in Sources */,
				3E3D5D9907A1807BE0D3456F /* LabelsCoordinator.swift in Sources */,
				14143B565EE1025E86B4A457 /* LabelsDIContainer.swift in Sources */,
				E3B75AC5FBB135E045DAD226 /* LabelsViewController.swift in Sources */,
				B4915AA2A18C462535704AFB /* LabelsViewModel.swift in Sources */,
				574217AD0B904C4FA8B93561 /* PhotoLabelCell.swift in Sources */,
				11FFD5B3C0735874B09006EB /* ListCoordinator.swift in Sources */,
				A5AF8E35A7D71873FD5C39E4 /* ListDIContainer.swift in Sources */,
				C299895D2B0BDB02B887AF4E /* ListViewController.swift in Sources */,
				19EDE6CB2FA32243000D6218 /* MyPageCell.swift in Sources */,
				1105E8EA1D4E774E78877F9B /* ListViewModel.swift in Sources */,
				816DA425CF89A37BB407B2E7 /* MainCoordinator.swift in Sources */,
				56AC79A47BE146CAF1BFF861 /* MainDIContainer.swift in Sources */,
				7B99E8D8E3ABCF926B500889 /* MainViewController.swift in Sources */,
				F097582F03D0AF2310271FC3 /* MainViewModel.swift in Sources */,
				7289EFA4AFBD4C70FB862366 /* MyCell.swift in Sources */,
				EBD0790F3D06646595CD4E7A /* MyPageCellType.swift in Sources */,
				2D7787A92580939395AFAA41 /* MyPageCoordinator.swift in Sources */,
				19EDE6CD2FA32B73000D6218 /* BoxView.swift in Sources */,
				3ADFEEF985D7BC1626FD5643 /* MyPageDIContainer.swift in Sources */,
				B39A2D52E240C875E277CACA /* MyPageViewController.swift in Sources */,
				BDFCDBB439612F8BF6AF15D8 /* MyPageViewModel.swift in Sources */,
				51A80C8D542492F4A2AAC3F0 /* NaviBarButton.swift in Sources */,
				6DFE320F438EC6EADEAB239B /* NaviBarType.swift in Sources */,
				0B1E106CE4651713AA754DD4 /* NaviBarView.swift in Sources */,
				C6F27A7B8702DC17F20DB44E /* NaviButtonSetting.swift in Sources */,
				4F95FE8B7007302DEEECFC6E /* PhotoLibraryCoordinator.swift in Sources */,
				BFA74F069964E0281D75BC31 /* PhotoLibraryDIContainer.swift in Sources */,
				CF81691B1D464F6197555282 /* PhotoLibraryViewController.swift in Sources */,
				60B1A9C19CF5718CE911F110 /* PhotoLibraryViewModel.swift in Sources */,
				19EDE6B92F9F171F000D6218 /* AlbumEmtpyView.swift in Sources */,
				FD72876B346CBB1594A8774A /* PhotoTestCoordinator.swift in Sources */,
				FFDB23C771BFE626931A589E /* PhotoTestDIContainer.swift in Sources */,
				729B91FE44EF04E9EE610439 /* PhotoTestViewController.swift in Sources */,
				A66EA7FFA90ADCC87447CF53 /* PhotoTestViewModel.swift in Sources */,
				4CBB27F7B63BE0497C778288 /* SplashCoordinator.swift in Sources */,
				D42E0F0F75FAEAF72E9D94EF /* SplashViewController.swift in Sources */,
				31107377C94EE22A1E5FD67F /* SplashViewModel.swift in Sources */,
				EC4CE7A2274D2911301A7C1A /* CustomTabBarDelegate.swift in Sources */,
				503294F3FE598FB11A6F11EC /* CustomTabBarItem.swift in Sources */,
				362507AF85919AF2A4B72C69 /* CustomTabBarViewController.swift in Sources */,
				3715B8B51A191869851EC95E /* TabbarCoordinator.swift in Sources */,
				D075825C73560FD93C983C9D /* TabbarDIContainer.swift in Sources */,
				E027BCF08A64E020D8F7E9E0 /* TabbarViewController.swift in Sources */,
			);
			runOnlyForDeploymentPostprocessing = 0;
		};
/* End PBXSourcesBuildPhase section */

/* Begin XCBuildConfiguration section */
		0CC66BA53688F1DCD58BE95C /* prod */ = {
			isa = XCBuildConfiguration;
			buildSettings = {
				ALWAYS_SEARCH_USER_PATHS = NO;
				CLANG_ANALYZER_LOCALIZABILITY_NONLOCALIZED = YES;
				CLANG_ANALYZER_NONNULL = YES;
				CLANG_ANALYZER_NUMBER_OBJECT_CONVERSION = YES_AGGRESSIVE;
				CLANG_CXX_LANGUAGE_STANDARD = "gnu++14";
				CLANG_CXX_LIBRARY = "libc++";
				CLANG_ENABLE_MODULES = YES;
				CLANG_ENABLE_OBJC_ARC = YES;
				CLANG_ENABLE_OBJC_WEAK = YES;
				CLANG_WARN_BLOCK_CAPTURE_AUTORELEASING = YES;
				CLANG_WARN_BOOL_CONVERSION = YES;
				CLANG_WARN_COMMA = YES;
				CLANG_WARN_CONSTANT_CONVERSION = YES;
				CLANG_WARN_DEPRECATED_OBJC_IMPLEMENTATIONS = YES;
				CLANG_WARN_DIRECT_OBJC_ISA_USAGE = YES_ERROR;
				CLANG_WARN_DOCUMENTATION_COMMENTS = YES;
				CLANG_WARN_EMPTY_BODY = YES;
				CLANG_WARN_ENUM_CONVERSION = YES;
				CLANG_WARN_INFINITE_RECURSION = YES;
				CLANG_WARN_INT_CONVERSION = YES;
				CLANG_WARN_NON_LITERAL_NULL_CONVERSION = YES;
				CLANG_WARN_OBJC_IMPLICIT_RETAIN_SELF = YES;
				CLANG_WARN_OBJC_LITERAL_CONVERSION = YES;
				CLANG_WARN_OBJC_ROOT_CLASS = YES_ERROR;
				CLANG_WARN_QUOTED_INCLUDE_IN_FRAMEWORK_HEADER = YES;
				CLANG_WARN_RANGE_LOOP_ANALYSIS = YES;
				CLANG_WARN_STRICT_PROTOTYPES = YES;
				CLANG_WARN_SUSPICIOUS_MOVE = YES;
				CLANG_WARN_UNGUARDED_AVAILABILITY = YES_AGGRESSIVE;
				CLANG_WARN_UNREACHABLE_CODE = YES;
				CLANG_WARN__DUPLICATE_METHOD_MATCH = YES;
				COPY_PHASE_STRIP = NO;
				DEAD_CODE_STRIPPING = YES;
				DEBUG_INFORMATION_FORMAT = "dwarf-with-dsym";
				ENABLE_NS_ASSERTIONS = NO;
				ENABLE_STRICT_OBJC_MSGSEND = YES;
				GCC_C_LANGUAGE_STANDARD = gnu11;
				GCC_NO_COMMON_BLOCKS = YES;
				GCC_WARN_64_TO_32_BIT_CONVERSION = YES;
				GCC_WARN_ABOUT_RETURN_TYPE = YES_ERROR;
				GCC_WARN_UNDECLARED_SELECTOR = YES;
				GCC_WARN_UNINITIALIZED_AUTOS = YES_AGGRESSIVE;
				GCC_WARN_UNUSED_FUNCTION = YES;
				GCC_WARN_UNUSED_VARIABLE = YES;
				MTL_ENABLE_DEBUG_INFO = NO;
				PRODUCT_NAME = "$(TARGET_NAME)";
				VALIDATE_PRODUCT = YES;
			};
			name = prod;
		};
		4932DFAD9C50BD4710AC4FF1 /* dev */ = {
			isa = XCBuildConfiguration;
			buildSettings = {
				ALWAYS_SEARCH_USER_PATHS = NO;
				CLANG_ANALYZER_LOCALIZABILITY_NONLOCALIZED = YES;
				CLANG_ANALYZER_NONNULL = YES;
				CLANG_ANALYZER_NUMBER_OBJECT_CONVERSION = YES_AGGRESSIVE;
				CLANG_CXX_LANGUAGE_STANDARD = "gnu++14";
				CLANG_CXX_LIBRARY = "libc++";
				CLANG_ENABLE_MODULES = YES;
				CLANG_ENABLE_OBJC_ARC = YES;
				CLANG_ENABLE_OBJC_WEAK = YES;
				CLANG_WARN_BLOCK_CAPTURE_AUTORELEASING = YES;
				CLANG_WARN_BOOL_CONVERSION = YES;
				CLANG_WARN_COMMA = YES;
				CLANG_WARN_CONSTANT_CONVERSION = YES;
				CLANG_WARN_DEPRECATED_OBJC_IMPLEMENTATIONS = YES;
				CLANG_WARN_DIRECT_OBJC_ISA_USAGE = YES_ERROR;
				CLANG_WARN_DOCUMENTATION_COMMENTS = YES;
				CLANG_WARN_EMPTY_BODY = YES;
				CLANG_WARN_ENUM_CONVERSION = YES;
				CLANG_WARN_INFINITE_RECURSION = YES;
				CLANG_WARN_INT_CONVERSION = YES;
				CLANG_WARN_NON_LITERAL_NULL_CONVERSION = YES;
				CLANG_WARN_OBJC_IMPLICIT_RETAIN_SELF = YES;
				CLANG_WARN_OBJC_LITERAL_CONVERSION = YES;
				CLANG_WARN_OBJC_ROOT_CLASS = YES_ERROR;
				CLANG_WARN_QUOTED_INCLUDE_IN_FRAMEWORK_HEADER = YES;
				CLANG_WARN_RANGE_LOOP_ANALYSIS = YES;
				CLANG_WARN_STRICT_PROTOTYPES = YES;
				CLANG_WARN_SUSPICIOUS_MOVE = YES;
				CLANG_WARN_UNGUARDED_AVAILABILITY = YES_AGGRESSIVE;
				CLANG_WARN_UNREACHABLE_CODE = YES;
				CLANG_WARN__DUPLICATE_METHOD_MATCH = YES;
				COPY_PHASE_STRIP = NO;
				DEAD_CODE_STRIPPING = YES;
				DEBUG_INFORMATION_FORMAT = dwarf;
				ENABLE_STRICT_OBJC_MSGSEND = YES;
				ENABLE_TESTABILITY = YES;
				GCC_C_LANGUAGE_STANDARD = gnu11;
				GCC_DYNAMIC_NO_PIC = NO;
				GCC_NO_COMMON_BLOCKS = YES;
				GCC_OPTIMIZATION_LEVEL = 0;
				GCC_PREPROCESSOR_DEFINITIONS = (
					"DEBUG=1",
					"$(inherited)",
				);
				GCC_WARN_64_TO_32_BIT_CONVERSION = YES;
				GCC_WARN_ABOUT_RETURN_TYPE = YES_ERROR;
				GCC_WARN_UNDECLARED_SELECTOR = YES;
				GCC_WARN_UNINITIALIZED_AUTOS = YES_AGGRESSIVE;
				GCC_WARN_UNUSED_FUNCTION = YES;
				GCC_WARN_UNUSED_VARIABLE = YES;
				MTL_ENABLE_DEBUG_INFO = YES;
				ONLY_ACTIVE_ARCH = YES;
				PRODUCT_NAME = "$(TARGET_NAME)";
			};
			name = dev;
		};
		5DC22A2B492DD0B470F2DFED /* dev */ = {
			isa = XCBuildConfiguration;
			buildSettings = {
				CODE_SIGN_IDENTITY = "";
				CURRENT_PROJECT_VERSION = 1;
				DEFINES_MODULE = YES;
				DYLIB_COMPATIBILITY_VERSION = 1;
				DYLIB_CURRENT_VERSION = 1;
				DYLIB_INSTALL_NAME_BASE = "@rpath";
				INFOPLIST_FILE = "Derived/InfoPlists/Presentation-Info.plist";
				INSTALL_PATH = "$(LOCAL_LIBRARY_DIR)/Frameworks";
				IPHONEOS_DEPLOYMENT_TARGET = 17.0;
				LD_RUNPATH_SEARCH_PATHS = (
					"$(inherited)",
					"@executable_path/Frameworks",
					"@loader_path/Frameworks",
				);
				PRODUCT_BUNDLE_IDENTIFIER = com.sanghyeon.moa.Presentation;
				PRODUCT_NAME = Presentation;
				SDKROOT = iphoneos;
				SKIP_INSTALL = YES;
				SUPPORTS_MACCATALYST = NO;
				SUPPORTS_MAC_DESIGNED_FOR_IPHONE_IPAD = YES;
				SUPPORTS_XR_DESIGNED_FOR_IPHONE_IPAD = NO;
				SWIFT_ACTIVE_COMPILATION_CONDITIONS = "$(inherited) DEBUG";
				SWIFT_COMPILATION_MODE = singlefile;
				SWIFT_OPTIMIZATION_LEVEL = "-Onone";
				SWIFT_VERSION = 5.0;
				TARGETED_DEVICE_FAMILY = "1,2";
				VERSIONING_SYSTEM = "apple-generic";
				VERSION_INFO_PREFIX = "";
			};
			name = dev;
		};
		B701C6F41768CDB455E6658D /* prod */ = {
			isa = XCBuildConfiguration;
			buildSettings = {
				CODE_SIGN_IDENTITY = "";
				CURRENT_PROJECT_VERSION = 1;
				DEFINES_MODULE = YES;
				DYLIB_COMPATIBILITY_VERSION = 1;
				DYLIB_CURRENT_VERSION = 1;
				DYLIB_INSTALL_NAME_BASE = "@rpath";
				INFOPLIST_FILE = "Derived/InfoPlists/Presentation-Info.plist";
				INSTALL_PATH = "$(LOCAL_LIBRARY_DIR)/Frameworks";
				IPHONEOS_DEPLOYMENT_TARGET = 17.0;
				LD_RUNPATH_SEARCH_PATHS = (
					"$(inherited)",
					"@executable_path/Frameworks",
					"@loader_path/Frameworks",
				);
				PRODUCT_BUNDLE_IDENTIFIER = com.sanghyeon.moa.Presentation;
				PRODUCT_NAME = Presentation;
				SDKROOT = iphoneos;
				SKIP_INSTALL = YES;
				SUPPORTS_MACCATALYST = NO;
				SUPPORTS_MAC_DESIGNED_FOR_IPHONE_IPAD = YES;
				SUPPORTS_XR_DESIGNED_FOR_IPHONE_IPAD = NO;
				SWIFT_COMPILATION_MODE = wholemodule;
				SWIFT_OPTIMIZATION_LEVEL = "-Owholemodule";
				SWIFT_VERSION = 5.0;
				TARGETED_DEVICE_FAMILY = "1,2";
				VERSIONING_SYSTEM = "apple-generic";
				VERSION_INFO_PREFIX = "";
			};
			name = prod;
		};
/* End XCBuildConfiguration section */

/* Begin XCConfigurationList section */
		1F46484E0096B2E0258B70F5 /* Build configuration list for PBXProject "Presentation" */ = {
			isa = XCConfigurationList;
			buildConfigurations = (
				4932DFAD9C50BD4710AC4FF1 /* dev */,
				0CC66BA53688F1DCD58BE95C /* prod */,
			);
			defaultConfigurationIsVisible = 0;
			defaultConfigurationName = prod;
		};
		3FBCA82F59D1854392A78BD5 /* Build configuration list for PBXNativeTarget "Presentation" */ = {
			isa = XCConfigurationList;
			buildConfigurations = (
				5DC22A2B492DD0B470F2DFED /* dev */,
				B701C6F41768CDB455E6658D /* prod */,
			);
			defaultConfigurationIsVisible = 0;
			defaultConfigurationName = prod;
		};
/* End XCConfigurationList section */
	};
	rootObject = ADF92DF0AD8E920125A75062 /* Project object */;
}
